// !$*UTF8*$!
{
	archiveVersion = 1;
	classes = {
	};
	objectVersion = 46;
	objects = {

/* Begin PBXBuildFile section */
		BE0C05B61A66D90F009065F8 /* main.cpp in Sources */ = {isa = PBXBuildFile; fileRef = BE0C05B51A66D90F009065F8 /* main.cpp */; };
		BE0C05C41A66D9E9009065F8 /* Instruction.cpp in Sources */ = {isa = PBXBuildFile; fileRef = BE0C05C21A66D9E9009065F8 /* Instruction.cpp */; };
		BE0C05C81A66D9FF009065F8 /* Communicator.cpp in Sources */ = {isa = PBXBuildFile; fileRef = BE0C05C61A66D9FF009065F8 /* Communicator.cpp */; };
		BE0C05D21A66DA18009065F8 /* Server.cpp in Sources */ = {isa = PBXBuildFile; fileRef = BE0C05CC1A66DA18009065F8 /* Server.cpp */; };
		BE0C05D31A66DA18009065F8 /* TCPServer.cpp in Sources */ = {isa = PBXBuildFile; fileRef = BE0C05CE1A66DA18009065F8 /* TCPServer.cpp */; };
		BE0C05D41A66DA18009065F8 /* UDPServer.cpp in Sources */ = {isa = PBXBuildFile; fileRef = BE0C05D01A66DA18009065F8 /* UDPServer.cpp */; };
		BE0C05DB1A66DA20009065F8 /* Connection.cpp in Sources */ = {isa = PBXBuildFile; fileRef = BE0C05D51A66DA20009065F8 /* Connection.cpp */; };
		BE0C05DC1A66DA20009065F8 /* TCPConnection.cpp in Sources */ = {isa = PBXBuildFile; fileRef = BE0C05D71A66DA20009065F8 /* TCPConnection.cpp */; };
		BE0C05DD1A66DA20009065F8 /* UDPConnection.cpp in Sources */ = {isa = PBXBuildFile; fileRef = BE0C05D91A66DA20009065F8 /* UDPConnection.cpp */; };
		BE0C05E41A66DA28009065F8 /* Client.cpp in Sources */ = {isa = PBXBuildFile; fileRef = BE0C05DE1A66DA28009065F8 /* Client.cpp */; };
		BE0C05E51A66DA28009065F8 /* TCPClient.cpp in Sources */ = {isa = PBXBuildFile; fileRef = BE0C05E01A66DA28009065F8 /* TCPClient.cpp */; };
		BE0C05E61A66DA28009065F8 /* UDPClient.cpp in Sources */ = {isa = PBXBuildFile; fileRef = BE0C05E21A66DA28009065F8 /* UDPClient.cpp */; };
		BE0C05EE1A66DB31009065F8 /* BodyState.cpp in Sources */ = {isa = PBXBuildFile; fileRef = BE0C05EA1A66DB31009065F8 /* BodyState.cpp */; };
		BE0C05EF1A66DB31009065F8 /* HearState.cpp in Sources */ = {isa = PBXBuildFile; fileRef = BE0C05EC1A66DB31009065F8 /* HearState.cpp */; };
		BE0C05F41A66DB38009065F8 /* PlayerState.cpp in Sources */ = {isa = PBXBuildFile; fileRef = BE0C05F01A66DB38009065F8 /* PlayerState.cpp */; };
		BE0C05F51A66DB38009065F8 /* SeeState.cpp in Sources */ = {isa = PBXBuildFile; fileRef = BE0C05F21A66DB38009065F8 /* SeeState.cpp */; };
		BE0C05F81A66DB3E009065F8 /* ServerState.cpp in Sources */ = {isa = PBXBuildFile; fileRef = BE0C05F61A66DB3E009065F8 /* ServerState.cpp */; };
		BE0C05FB1A66DB46009065F8 /* TeamState.cpp in Sources */ = {isa = PBXBuildFile; fileRef = BE0C05F91A66DB46009065F8 /* TeamState.cpp */; };
		BE0C05FE1A66DB4C009065F8 /* State.cpp in Sources */ = {isa = PBXBuildFile; fileRef = BE0C05FC1A66DB4C009065F8 /* State.cpp */; };
		BE0C06051A66DB7D009065F8 /* Observable.cpp in Sources */ = {isa = PBXBuildFile; fileRef = BE0C06031A66DB7D009065F8 /* Observable.cpp */; };
		BE0C060E1A66DBDE009065F8 /* Parser.cpp in Sources */ = {isa = PBXBuildFile; fileRef = BE0C060C1A66DBDE009065F8 /* Parser.cpp */; };
		BE0C06141A66DC09009065F8 /* Mutex.cpp in Sources */ = {isa = PBXBuildFile; fileRef = BE0C06121A66DC09009065F8 /* Mutex.cpp */; };
		BE0C06171A66DC0F009065F8 /* ConditionVariable.cpp in Sources */ = {isa = PBXBuildFile; fileRef = BE0C06151A66DC0F009065F8 /* ConditionVariable.cpp */; };
		BE0C061B1A66DC46009065F8 /* ConnectionHandler.cpp in Sources */ = {isa = PBXBuildFile; fileRef = BE0C06191A66DC46009065F8 /* ConnectionHandler.cpp */; };
		BE0C061E1A66DC57009065F8 /* Threadable.cpp in Sources */ = {isa = PBXBuildFile; fileRef = BE0C061C1A66DC57009065F8 /* Threadable.cpp */; };
		BE0C06221A66DC64009065F8 /* ThreadQueue.cpp in Sources */ = {isa = PBXBuildFile; fileRef = BE0C06201A66DC64009065F8 /* ThreadQueue.cpp */; };
		BE0C06261A66DC7E009065F8 /* Player.cpp in Sources */ = {isa = PBXBuildFile; fileRef = BE0C06241A66DC7E009065F8 /* Player.cpp */; };
		BE0C062F1A66DC88009065F8 /* Defender.cpp in Sources */ = {isa = PBXBuildFile; fileRef = BE0C06271A66DC88009065F8 /* Defender.cpp */; };
		BE0C06301A66DC88009065F8 /* Forward.cpp in Sources */ = {isa = PBXBuildFile; fileRef = BE0C06291A66DC88009065F8 /* Forward.cpp */; };
		BE0C06311A66DC88009065F8 /* GoalKeeper.cpp in Sources */ = {isa = PBXBuildFile; fileRef = BE0C062B1A66DC88009065F8 /* GoalKeeper.cpp */; };
		BE0C06321A66DC88009065F8 /* MidFielder.cpp in Sources */ = {isa = PBXBuildFile; fileRef = BE0C062D1A66DC88009065F8 /* MidFielder.cpp */; };
		BE0C06381A66DC99009065F8 /* Coordinate.cpp in Sources */ = {isa = PBXBuildFile; fileRef = BE0C06341A66DC99009065F8 /* Coordinate.cpp */; };
		BE0C06391A66DC99009065F8 /* Vector.cpp in Sources */ = {isa = PBXBuildFile; fileRef = BE0C06361A66DC99009065F8 /* Vector.cpp */; };
		BE0C06411A66DD1B009065F8 /* BehaviorTree.cpp in Sources */ = {isa = PBXBuildFile; fileRef = BE0C063F1A66DD1B009065F8 /* BehaviorTree.cpp */; };
		BE0C06451A66DD28009065F8 /* BehaviorContext.cpp in Sources */ = {isa = PBXBuildFile; fileRef = BE0C06431A66DD28009065F8 /* BehaviorContext.cpp */; };
		BE0C06481A66DD31009065F8 /* BehaviorTarget.cpp in Sources */ = {isa = PBXBuildFile; fileRef = BE0C06461A66DD31009065F8 /* BehaviorTarget.cpp */; };
		BE0C064B1A66DD3E009065F8 /* BehaviorTreeNode.cpp in Sources */ = {isa = PBXBuildFile; fileRef = BE0C06491A66DD3E009065F8 /* BehaviorTreeNode.cpp */; };
		BE0C06501A66DD4F009065F8 /* DecoratorNode.cpp in Sources */ = {isa = PBXBuildFile; fileRef = BE0C064E1A66DD4F009065F8 /* DecoratorNode.cpp */; };
		BE0C06531A66DD54009065F8 /* CompositionNode.cpp in Sources */ = {isa = PBXBuildFile; fileRef = BE0C06511A66DD54009065F8 /* CompositionNode.cpp */; };
		BE0C065A1A66DDA6009065F8 /* RepeaterNode.cpp in Sources */ = {isa = PBXBuildFile; fileRef = BE0C06561A66DDA6009065F8 /* RepeaterNode.cpp */; };
		BE0C065B1A66DDA6009065F8 /* RepeatUntilFailNode.cpp in Sources */ = {isa = PBXBuildFile; fileRef = BE0C06581A66DDA6009065F8 /* RepeatUntilFailNode.cpp */; };
		BE0C06601A66DDB5009065F8 /* SelectorNode.cpp in Sources */ = {isa = PBXBuildFile; fileRef = BE0C065C1A66DDB5009065F8 /* SelectorNode.cpp */; };
		BE0C06611A66DDB5009065F8 /* SequenceNode.cpp in Sources */ = {isa = PBXBuildFile; fileRef = BE0C065E1A66DDB5009065F8 /* SequenceNode.cpp */; };
		BE0C06811A66DDCD009065F8 /* IsTargetEnemyNode.cpp in Sources */ = {isa = PBXBuildFile; fileRef = BE0C06631A66DDCD009065F8 /* IsTargetEnemyNode.cpp */; };
		BE0C06821A66DDCD009065F8 /* IsTargetPlayerNode.cpp in Sources */ = {isa = PBXBuildFile; fileRef = BE0C06651A66DDCD009065F8 /* IsTargetPlayerNode.cpp */; };
		BE0C06831A66DDCD009065F8 /* PopFromStackNode.cpp in Sources */ = {isa = PBXBuildFile; fileRef = BE0C06671A66DDCD009065F8 /* PopFromStackNode.cpp */; };
		BE0C06841A66DDCD009065F8 /* PushTargetToStackNode.cpp in Sources */ = {isa = PBXBuildFile; fileRef = BE0C06691A66DDCD009065F8 /* PushTargetToStackNode.cpp */; };
		BE0C06851A66DDCD009065F8 /* CatchBallNode.cpp in Sources */ = {isa = PBXBuildFile; fileRef = BE0C066B1A66DDCD009065F8 /* CatchBallNode.cpp */; };
		BE0C06861A66DDCD009065F8 /* ChangeViewNode.cpp in Sources */ = {isa = PBXBuildFile; fileRef = BE0C066D1A66DDCD009065F8 /* ChangeViewNode.cpp */; };
		BE0C06871A66DDCD009065F8 /* DashNode.cpp in Sources */ = {isa = PBXBuildFile; fileRef = BE0C066F1A66DDCD009065F8 /* DashNode.cpp */; };
		BE0C06881A66DDCD009065F8 /* EndActNode.cpp in Sources */ = {isa = PBXBuildFile; fileRef = BE0C06711A66DDCD009065F8 /* EndActNode.cpp */; };
		BE0C06891A66DDCD009065F8 /* KickBallNode.cpp in Sources */ = {isa = PBXBuildFile; fileRef = BE0C06731A66DDCD009065F8 /* KickBallNode.cpp */; };
		BE0C068A1A66DDCD009065F8 /* MoveNode.cpp in Sources */ = {isa = PBXBuildFile; fileRef = BE0C06751A66DDCD009065F8 /* MoveNode.cpp */; };
		BE0C068B1A66DDCD009065F8 /* SayNode.cpp in Sources */ = {isa = PBXBuildFile; fileRef = BE0C06771A66DDCD009065F8 /* SayNode.cpp */; };
		BE0C068C1A66DDCD009065F8 /* ScoreNode.cpp in Sources */ = {isa = PBXBuildFile; fileRef = BE0C06791A66DDCD009065F8 /* ScoreNode.cpp */; };
		BE0C068D1A66DDCD009065F8 /* SenseBodyNode.cpp in Sources */ = {isa = PBXBuildFile; fileRef = BE0C067B1A66DDCD009065F8 /* SenseBodyNode.cpp */; };
		BE0C068E1A66DDCD009065F8 /* TurnNeckNode.cpp in Sources */ = {isa = PBXBuildFile; fileRef = BE0C067D1A66DDCD009065F8 /* TurnNeckNode.cpp */; };
		BE0C068F1A66DDCD009065F8 /* TurnNode.cpp in Sources */ = {isa = PBXBuildFile; fileRef = BE0C067F1A66DDCD009065F8 /* TurnNode.cpp */; };
		BE0C06931A66DE17009065F8 /* Brain.cpp in Sources */ = {isa = PBXBuildFile; fileRef = BE0C06911A66DE17009065F8 /* Brain.cpp */; };
		BE0C06971A66DEA4009065F8 /* BehaviorException.cpp in Sources */ = {isa = PBXBuildFile; fileRef = BE0C06951A66DEA4009065F8 /* BehaviorException.cpp */; };
		BE0C06A21A66E4DC009065F8 /* SearchNode.cpp in Sources */ = {isa = PBXBuildFile; fileRef = BE0C06A01A66E4DC009065F8 /* SearchNode.cpp */; };
		BE0C06A51A66E72E009065F8 /* SetTargetToNode.cpp in Sources */ = {isa = PBXBuildFile; fileRef = BE0C06A31A66E72E009065F8 /* SetTargetToNode.cpp */; };
		BE0C06A81A66EDD7009065F8 /* IsTargetVisibleNode.cpp in Sources */ = {isa = PBXBuildFile; fileRef = BE0C06A61A66EDD7009065F8 /* IsTargetVisibleNode.cpp */; };
		BE0C06AB1A66F09D009065F8 /* InverterNode.cpp in Sources */ = {isa = PBXBuildFile; fileRef = BE0C06A91A66F09D009065F8 /* InverterNode.cpp */; };
		BE0C06AE1A670525009065F8 /* SearchTurnNeckNode.cpp in Sources */ = {isa = PBXBuildFile; fileRef = BE0C06AC1A670525009065F8 /* SearchTurnNeckNode.cpp */; };
		BE0C06B11A679284009065F8 /* ExecuteActNode.cpp in Sources */ = {isa = PBXBuildFile; fileRef = BE0C06AF1A679284009065F8 /* ExecuteActNode.cpp */; };
		BE0C06B71A679B3E009065F8 /* SetTargetToPositiveNeckTurnAngleNode.cpp in Sources */ = {isa = PBXBuildFile; fileRef = BE0C06B51A679B3E009065F8 /* SetTargetToPositiveNeckTurnAngleNode.cpp */; };
		BE0C06BA1A679F7D009065F8 /* SetTargetToNegativeNeckTurnAngleNode.cpp in Sources */ = {isa = PBXBuildFile; fileRef = BE0C06B81A679F7D009065F8 /* SetTargetToNegativeNeckTurnAngleNode.cpp */; };
		BE0C06BD1A67A702009065F8 /* TurnNeckPositiveNode.cpp in Sources */ = {isa = PBXBuildFile; fileRef = BE0C06BB1A67A702009065F8 /* TurnNeckPositiveNode.cpp */; };
		BE0C06C01A67A7EA009065F8 /* TurnNeckNegativeNode.cpp in Sources */ = {isa = PBXBuildFile; fileRef = BE0C06BE1A67A7EA009065F8 /* TurnNeckNegativeNode.cpp */; };
		BE375D391A6FD49B0084AF6D /* IsTurnedOnTargetNode.cpp in Sources */ = {isa = PBXBuildFile; fileRef = BE375D371A6FD49B0084AF6D /* IsTurnedOnTargetNode.cpp */; };
		BE4B24411A6D848D00D155C9 /* TurnTowardsTypeNode.cpp in Sources */ = {isa = PBXBuildFile; fileRef = BE4B243F1A6D848D00D155C9 /* TurnTowardsTypeNode.cpp */; };
		BE4B24471A6D8DB700D155C9 /* DashTowardsTargetNode.cpp in Sources */ = {isa = PBXBuildFile; fileRef = BE4B24451A6D8DB700D155C9 /* DashTowardsTargetNode.cpp */; };
		BE4B244A1A6D94D200D155C9 /* IsCloseToTargetNode.cpp in Sources */ = {isa = PBXBuildFile; fileRef = BE4B24481A6D94D200D155C9 /* IsCloseToTargetNode.cpp */; };
		BE4B244D1A6D9F9600D155C9 /* SetTargetToTwiceMaximumHeadAngleNode.cpp in Sources */ = {isa = PBXBuildFile; fileRef = BE4B244B1A6D9F9600D155C9 /* SetTargetToTwiceMaximumHeadAngleNode.cpp */; };
		BE4B24501A6DA09100D155C9 /* TurnTwiceMaximumHeadAngleNode.cpp in Sources */ = {isa = PBXBuildFile; fileRef = BE4B244E1A6DA09100D155C9 /* TurnTwiceMaximumHeadAngleNode.cpp */; };
		BE6C1D2C1A78043E008E12C5 /* SetTargetToOpponentGoalNode.cpp in Sources */ = {isa = PBXBuildFile; fileRef = BE6C1D2A1A78043E008E12C5 /* SetTargetToOpponentGoalNode.cpp */; };
		BE6C1D2F1A7815F6008E12C5 /* RepeatUntilSuccessNode.cpp in Sources */ = {isa = PBXBuildFile; fileRef = BE6C1D2D1A7815F6008E12C5 /* RepeatUntilSuccessNode.cpp */; };
		BEBEF77C1A6969650094396A /* TurnNeckToCenterNode.cpp in Sources */ = {isa = PBXBuildFile; fileRef = BEBEF77A1A6969650094396A /* TurnNeckToCenterNode.cpp */; };
		BEBEF7851A6972130094396A /* ClearTargetNode.cpp in Sources */ = {isa = PBXBuildFile; fileRef = BEBEF7831A6972130094396A /* ClearTargetNode.cpp */; };
		BEBEF7881A6972290094396A /* ClearStackNode.cpp in Sources */ = {isa = PBXBuildFile; fileRef = BEBEF7861A6972290094396A /* ClearStackNode.cpp */; };
		BEBEF78E1A697F390094396A /* SuccessNode.cpp in Sources */ = {isa = PBXBuildFile; fileRef = BEBEF78C1A697F390094396A /* SuccessNode.cpp */; };
		BEBEF7911A697F860094396A /* FailureNode.cpp in Sources */ = {isa = PBXBuildFile; fileRef = BEBEF78F1A697F860094396A /* FailureNode.cpp */; };
		BEE1F2C81A6A510500FBD90C /* Nameable.cpp in Sources */ = {isa = PBXBuildFile; fileRef = BEE1F2C61A6A510500FBD90C /* Nameable.cpp */; };
		BEE1F2CF1A6AA36500FBD90C /* WaitBodyStateUpdateNode.cpp in Sources */ = {isa = PBXBuildFile; fileRef = BEE1F2CD1A6AA36500FBD90C /* WaitBodyStateUpdateNode.cpp */; };
		BEE1F2D21A6AA66100FBD90C /* WaitSeeStateUpdateNode.cpp in Sources */ = {isa = PBXBuildFile; fileRef = BEE1F2D01A6AA66100FBD90C /* WaitSeeStateUpdateNode.cpp */; };
		BEE1F2D51A6AA67000FBD90C /* WaitTeamStateUpdateNode.cpp in Sources */ = {isa = PBXBuildFile; fileRef = BEE1F2D31A6AA67000FBD90C /* WaitTeamStateUpdateNode.cpp */; };
/* End PBXBuildFile section */

/* Begin PBXCopyFilesBuildPhase section */
		BE0C05B01A66D90F009065F8 /* CopyFiles */ = {
			isa = PBXCopyFilesBuildPhase;
			buildActionMask = 2147483647;
			dstPath = /usr/share/man/man1/;
			dstSubfolderSpec = 0;
			files = (
			);
			runOnlyForDeploymentPostprocessing = 1;
		};
/* End PBXCopyFilesBuildPhase section */

/* Begin PBXFileReference section */
		BE0C05B21A66D90F009065F8 /* Robocup */ = {isa = PBXFileReference; explicitFileType = "compiled.mach-o.executable"; includeInIndex = 0; path = Robocup; sourceTree = BUILT_PRODUCTS_DIR; };
		BE0C05B51A66D90F009065F8 /* main.cpp */ = {isa = PBXFileReference; lastKnownFileType = sourcecode.cpp.cpp; path = main.cpp; sourceTree = "<group>"; };
		BE0C05C21A66D9E9009065F8 /* Instruction.cpp */ = {isa = PBXFileReference; fileEncoding = 4; lastKnownFileType = sourcecode.cpp.cpp; path = Instruction.cpp; sourceTree = "<group>"; };
		BE0C05C31A66D9E9009065F8 /* Instruction.h */ = {isa = PBXFileReference; fileEncoding = 4; lastKnownFileType = sourcecode.c.h; path = Instruction.h; sourceTree = "<group>"; };
		BE0C05C61A66D9FF009065F8 /* Communicator.cpp */ = {isa = PBXFileReference; fileEncoding = 4; lastKnownFileType = sourcecode.cpp.cpp; name = Communicator.cpp; path = Communication/Communicator.cpp; sourceTree = "<group>"; };
		BE0C05C71A66D9FF009065F8 /* Communicator.h */ = {isa = PBXFileReference; fileEncoding = 4; lastKnownFileType = sourcecode.c.h; name = Communicator.h; path = Communication/Communicator.h; sourceTree = "<group>"; };
		BE0C05CC1A66DA18009065F8 /* Server.cpp */ = {isa = PBXFileReference; fileEncoding = 4; lastKnownFileType = sourcecode.cpp.cpp; name = Server.cpp; path = Communication/Server/Server.cpp; sourceTree = "<group>"; };
		BE0C05CD1A66DA18009065F8 /* Server.h */ = {isa = PBXFileReference; fileEncoding = 4; lastKnownFileType = sourcecode.c.h; name = Server.h; path = Communication/Server/Server.h; sourceTree = "<group>"; };
		BE0C05CE1A66DA18009065F8 /* TCPServer.cpp */ = {isa = PBXFileReference; fileEncoding = 4; lastKnownFileType = sourcecode.cpp.cpp; name = TCPServer.cpp; path = Communication/Server/TCPServer.cpp; sourceTree = "<group>"; };
		BE0C05CF1A66DA18009065F8 /* TCPServer.h */ = {isa = PBXFileReference; fileEncoding = 4; lastKnownFileType = sourcecode.c.h; name = TCPServer.h; path = Communication/Server/TCPServer.h; sourceTree = "<group>"; };
		BE0C05D01A66DA18009065F8 /* UDPServer.cpp */ = {isa = PBXFileReference; fileEncoding = 4; lastKnownFileType = sourcecode.cpp.cpp; name = UDPServer.cpp; path = Communication/Server/UDPServer.cpp; sourceTree = "<group>"; };
		BE0C05D11A66DA18009065F8 /* UDPServer.h */ = {isa = PBXFileReference; fileEncoding = 4; lastKnownFileType = sourcecode.c.h; name = UDPServer.h; path = Communication/Server/UDPServer.h; sourceTree = "<group>"; };
		BE0C05D51A66DA20009065F8 /* Connection.cpp */ = {isa = PBXFileReference; fileEncoding = 4; lastKnownFileType = sourcecode.cpp.cpp; name = Connection.cpp; path = Communication/Connection/Connection.cpp; sourceTree = "<group>"; };
		BE0C05D61A66DA20009065F8 /* Connection.h */ = {isa = PBXFileReference; fileEncoding = 4; lastKnownFileType = sourcecode.c.h; name = Connection.h; path = Communication/Connection/Connection.h; sourceTree = "<group>"; };
		BE0C05D71A66DA20009065F8 /* TCPConnection.cpp */ = {isa = PBXFileReference; fileEncoding = 4; lastKnownFileType = sourcecode.cpp.cpp; name = TCPConnection.cpp; path = Communication/Connection/TCPConnection.cpp; sourceTree = "<group>"; };
		BE0C05D81A66DA20009065F8 /* TCPConnection.h */ = {isa = PBXFileReference; fileEncoding = 4; lastKnownFileType = sourcecode.c.h; name = TCPConnection.h; path = Communication/Connection/TCPConnection.h; sourceTree = "<group>"; };
		BE0C05D91A66DA20009065F8 /* UDPConnection.cpp */ = {isa = PBXFileReference; fileEncoding = 4; lastKnownFileType = sourcecode.cpp.cpp; name = UDPConnection.cpp; path = Communication/Connection/UDPConnection.cpp; sourceTree = "<group>"; };
		BE0C05DA1A66DA20009065F8 /* UDPConnection.h */ = {isa = PBXFileReference; fileEncoding = 4; lastKnownFileType = sourcecode.c.h; name = UDPConnection.h; path = Communication/Connection/UDPConnection.h; sourceTree = "<group>"; };
		BE0C05DE1A66DA28009065F8 /* Client.cpp */ = {isa = PBXFileReference; fileEncoding = 4; lastKnownFileType = sourcecode.cpp.cpp; name = Client.cpp; path = Communication/Client/Client.cpp; sourceTree = "<group>"; };
		BE0C05DF1A66DA28009065F8 /* Client.h */ = {isa = PBXFileReference; fileEncoding = 4; lastKnownFileType = sourcecode.c.h; name = Client.h; path = Communication/Client/Client.h; sourceTree = "<group>"; };
		BE0C05E01A66DA28009065F8 /* TCPClient.cpp */ = {isa = PBXFileReference; fileEncoding = 4; lastKnownFileType = sourcecode.cpp.cpp; name = TCPClient.cpp; path = Communication/Client/TCPClient.cpp; sourceTree = "<group>"; };
		BE0C05E11A66DA28009065F8 /* TCPClient.h */ = {isa = PBXFileReference; fileEncoding = 4; lastKnownFileType = sourcecode.c.h; name = TCPClient.h; path = Communication/Client/TCPClient.h; sourceTree = "<group>"; };
		BE0C05E21A66DA28009065F8 /* UDPClient.cpp */ = {isa = PBXFileReference; fileEncoding = 4; lastKnownFileType = sourcecode.cpp.cpp; name = UDPClient.cpp; path = Communication/Client/UDPClient.cpp; sourceTree = "<group>"; };
		BE0C05E31A66DA28009065F8 /* UDPClient.h */ = {isa = PBXFileReference; fileEncoding = 4; lastKnownFileType = sourcecode.c.h; name = UDPClient.h; path = Communication/Client/UDPClient.h; sourceTree = "<group>"; };
		BE0C05EA1A66DB31009065F8 /* BodyState.cpp */ = {isa = PBXFileReference; fileEncoding = 4; lastKnownFileType = sourcecode.cpp.cpp; name = BodyState.cpp; path = Parser/BodyState.cpp; sourceTree = "<group>"; };
		BE0C05EB1A66DB31009065F8 /* BodyState.h */ = {isa = PBXFileReference; fileEncoding = 4; lastKnownFileType = sourcecode.c.h; name = BodyState.h; path = Parser/BodyState.h; sourceTree = "<group>"; };
		BE0C05EC1A66DB31009065F8 /* HearState.cpp */ = {isa = PBXFileReference; fileEncoding = 4; lastKnownFileType = sourcecode.cpp.cpp; name = HearState.cpp; path = Parser/HearState.cpp; sourceTree = "<group>"; };
		BE0C05ED1A66DB31009065F8 /* HearState.h */ = {isa = PBXFileReference; fileEncoding = 4; lastKnownFileType = sourcecode.c.h; name = HearState.h; path = Parser/HearState.h; sourceTree = "<group>"; };
		BE0C05F01A66DB38009065F8 /* PlayerState.cpp */ = {isa = PBXFileReference; fileEncoding = 4; lastKnownFileType = sourcecode.cpp.cpp; name = PlayerState.cpp; path = Parser/PlayerState.cpp; sourceTree = "<group>"; };
		BE0C05F11A66DB38009065F8 /* PlayerState.h */ = {isa = PBXFileReference; fileEncoding = 4; lastKnownFileType = sourcecode.c.h; name = PlayerState.h; path = Parser/PlayerState.h; sourceTree = "<group>"; };
		BE0C05F21A66DB38009065F8 /* SeeState.cpp */ = {isa = PBXFileReference; fileEncoding = 4; lastKnownFileType = sourcecode.cpp.cpp; name = SeeState.cpp; path = Parser/SeeState.cpp; sourceTree = "<group>"; };
		BE0C05F31A66DB38009065F8 /* SeeState.h */ = {isa = PBXFileReference; fileEncoding = 4; lastKnownFileType = sourcecode.c.h; name = SeeState.h; path = Parser/SeeState.h; sourceTree = "<group>"; };
		BE0C05F61A66DB3E009065F8 /* ServerState.cpp */ = {isa = PBXFileReference; fileEncoding = 4; lastKnownFileType = sourcecode.cpp.cpp; name = ServerState.cpp; path = Parser/ServerState.cpp; sourceTree = "<group>"; };
		BE0C05F71A66DB3E009065F8 /* ServerState.h */ = {isa = PBXFileReference; fileEncoding = 4; lastKnownFileType = sourcecode.c.h; name = ServerState.h; path = Parser/ServerState.h; sourceTree = "<group>"; };
		BE0C05F91A66DB46009065F8 /* TeamState.cpp */ = {isa = PBXFileReference; fileEncoding = 4; lastKnownFileType = sourcecode.cpp.cpp; name = TeamState.cpp; path = Parser/TeamState.cpp; sourceTree = "<group>"; };
		BE0C05FA1A66DB46009065F8 /* TeamState.h */ = {isa = PBXFileReference; fileEncoding = 4; lastKnownFileType = sourcecode.c.h; name = TeamState.h; path = Parser/TeamState.h; sourceTree = "<group>"; };
		BE0C05FC1A66DB4C009065F8 /* State.cpp */ = {isa = PBXFileReference; fileEncoding = 4; lastKnownFileType = sourcecode.cpp.cpp; name = State.cpp; path = Parser/State.cpp; sourceTree = "<group>"; };
		BE0C05FD1A66DB4C009065F8 /* State.h */ = {isa = PBXFileReference; fileEncoding = 4; lastKnownFileType = sourcecode.c.h; name = State.h; path = Parser/State.h; sourceTree = "<group>"; };
		BE0C05FF1A66DB6B009065F8 /* ParserCommonDefinitions.h */ = {isa = PBXFileReference; lastKnownFileType = sourcecode.c.h; name = ParserCommonDefinitions.h; path = Parser/ParserCommonDefinitions.h; sourceTree = "<group>"; };
		BE0C06001A66DB6B009065F8 /* ParserErrorDefinitions.h */ = {isa = PBXFileReference; lastKnownFileType = sourcecode.c.h; name = ParserErrorDefinitions.h; path = Parser/ParserErrorDefinitions.h; sourceTree = "<group>"; };
		BE0C06011A66DB6B009065F8 /* ParserParseDefinitions.h */ = {isa = PBXFileReference; lastKnownFileType = sourcecode.c.h; name = ParserParseDefinitions.h; path = Parser/ParserParseDefinitions.h; sourceTree = "<group>"; };
		BE0C06021A66DB6B009065F8 /* ParserTypeDefinitions.h */ = {isa = PBXFileReference; lastKnownFileType = sourcecode.c.h; name = ParserTypeDefinitions.h; path = Parser/ParserTypeDefinitions.h; sourceTree = "<group>"; };
		BE0C06031A66DB7D009065F8 /* Observable.cpp */ = {isa = PBXFileReference; fileEncoding = 4; lastKnownFileType = sourcecode.cpp.cpp; name = Observable.cpp; path = Parser/Observable.cpp; sourceTree = "<group>"; };
		BE0C06041A66DB7D009065F8 /* Observable.h */ = {isa = PBXFileReference; fileEncoding = 4; lastKnownFileType = sourcecode.c.h; name = Observable.h; path = Parser/Observable.h; sourceTree = "<group>"; };
		BE0C060C1A66DBDE009065F8 /* Parser.cpp */ = {isa = PBXFileReference; fileEncoding = 4; lastKnownFileType = sourcecode.cpp.cpp; name = Parser.cpp; path = Thread/Parser.cpp; sourceTree = "<group>"; };
		BE0C060D1A66DBDE009065F8 /* Parser.h */ = {isa = PBXFileReference; fileEncoding = 4; lastKnownFileType = sourcecode.c.h; name = Parser.h; path = Thread/Parser.h; sourceTree = "<group>"; };
		BE0C06121A66DC09009065F8 /* Mutex.cpp */ = {isa = PBXFileReference; fileEncoding = 4; lastKnownFileType = sourcecode.cpp.cpp; name = Mutex.cpp; path = Thread/Mutex/Mutex.cpp; sourceTree = "<group>"; };
		BE0C06131A66DC09009065F8 /* Mutex.h */ = {isa = PBXFileReference; fileEncoding = 4; lastKnownFileType = sourcecode.c.h; name = Mutex.h; path = Thread/Mutex/Mutex.h; sourceTree = "<group>"; };
		BE0C06151A66DC0F009065F8 /* ConditionVariable.cpp */ = {isa = PBXFileReference; fileEncoding = 4; lastKnownFileType = sourcecode.cpp.cpp; name = ConditionVariable.cpp; path = Thread/ConditionVariable/ConditionVariable.cpp; sourceTree = "<group>"; };
		BE0C06161A66DC0F009065F8 /* ConditionVariable.h */ = {isa = PBXFileReference; fileEncoding = 4; lastKnownFileType = sourcecode.c.h; name = ConditionVariable.h; path = Thread/ConditionVariable/ConditionVariable.h; sourceTree = "<group>"; };
		BE0C06191A66DC46009065F8 /* ConnectionHandler.cpp */ = {isa = PBXFileReference; fileEncoding = 4; lastKnownFileType = sourcecode.cpp.cpp; name = ConnectionHandler.cpp; path = Thread/ConnectionHandler.cpp; sourceTree = "<group>"; };
		BE0C061A1A66DC46009065F8 /* ConnectionHandler.h */ = {isa = PBXFileReference; fileEncoding = 4; lastKnownFileType = sourcecode.c.h; name = ConnectionHandler.h; path = Thread/ConnectionHandler.h; sourceTree = "<group>"; };
		BE0C061C1A66DC57009065F8 /* Threadable.cpp */ = {isa = PBXFileReference; fileEncoding = 4; lastKnownFileType = sourcecode.cpp.cpp; name = Threadable.cpp; path = Thread/Threadable.cpp; sourceTree = "<group>"; };
		BE0C061D1A66DC57009065F8 /* Threadable.h */ = {isa = PBXFileReference; fileEncoding = 4; lastKnownFileType = sourcecode.c.h; name = Threadable.h; path = Thread/Threadable.h; sourceTree = "<group>"; };
		BE0C06201A66DC64009065F8 /* ThreadQueue.cpp */ = {isa = PBXFileReference; fileEncoding = 4; lastKnownFileType = sourcecode.cpp.cpp; name = ThreadQueue.cpp; path = Thread/ThreadQueue/ThreadQueue.cpp; sourceTree = "<group>"; };
		BE0C06211A66DC64009065F8 /* ThreadQueue.h */ = {isa = PBXFileReference; fileEncoding = 4; lastKnownFileType = sourcecode.c.h; name = ThreadQueue.h; path = Thread/ThreadQueue/ThreadQueue.h; sourceTree = "<group>"; };
		BE0C06241A66DC7E009065F8 /* Player.cpp */ = {isa = PBXFileReference; fileEncoding = 4; lastKnownFileType = sourcecode.cpp.cpp; name = Player.cpp; path = Thread/Player.cpp; sourceTree = "<group>"; };
		BE0C06251A66DC7E009065F8 /* Player.h */ = {isa = PBXFileReference; fileEncoding = 4; lastKnownFileType = sourcecode.c.h; name = Player.h; path = Thread/Player.h; sourceTree = "<group>"; };
		BE0C06271A66DC88009065F8 /* Defender.cpp */ = {isa = PBXFileReference; fileEncoding = 4; lastKnownFileType = sourcecode.cpp.cpp; name = Defender.cpp; path = Thread/Defender.cpp; sourceTree = "<group>"; };
		BE0C06281A66DC88009065F8 /* Defender.h */ = {isa = PBXFileReference; fileEncoding = 4; lastKnownFileType = sourcecode.c.h; name = Defender.h; path = Thread/Defender.h; sourceTree = "<group>"; };
		BE0C06291A66DC88009065F8 /* Forward.cpp */ = {isa = PBXFileReference; fileEncoding = 4; lastKnownFileType = sourcecode.cpp.cpp; name = Forward.cpp; path = Thread/Forward.cpp; sourceTree = "<group>"; };
		BE0C062A1A66DC88009065F8 /* Forward.h */ = {isa = PBXFileReference; fileEncoding = 4; lastKnownFileType = sourcecode.c.h; name = Forward.h; path = Thread/Forward.h; sourceTree = "<group>"; };
		BE0C062B1A66DC88009065F8 /* GoalKeeper.cpp */ = {isa = PBXFileReference; fileEncoding = 4; lastKnownFileType = sourcecode.cpp.cpp; name = GoalKeeper.cpp; path = Thread/GoalKeeper.cpp; sourceTree = "<group>"; };
		BE0C062C1A66DC88009065F8 /* GoalKeeper.h */ = {isa = PBXFileReference; fileEncoding = 4; lastKnownFileType = sourcecode.c.h; name = GoalKeeper.h; path = Thread/GoalKeeper.h; sourceTree = "<group>"; };
		BE0C062D1A66DC88009065F8 /* MidFielder.cpp */ = {isa = PBXFileReference; fileEncoding = 4; lastKnownFileType = sourcecode.cpp.cpp; name = MidFielder.cpp; path = Thread/MidFielder.cpp; sourceTree = "<group>"; };
		BE0C062E1A66DC88009065F8 /* MidFielder.h */ = {isa = PBXFileReference; fileEncoding = 4; lastKnownFileType = sourcecode.c.h; name = MidFielder.h; path = Thread/MidFielder.h; sourceTree = "<group>"; };
		BE0C06341A66DC99009065F8 /* Coordinate.cpp */ = {isa = PBXFileReference; fileEncoding = 4; lastKnownFileType = sourcecode.cpp.cpp; name = Coordinate.cpp; path = Math/Coordinate.cpp; sourceTree = "<group>"; };
		BE0C06351A66DC99009065F8 /* Coordinate.h */ = {isa = PBXFileReference; fileEncoding = 4; lastKnownFileType = sourcecode.c.h; name = Coordinate.h; path = Math/Coordinate.h; sourceTree = "<group>"; };
		BE0C06361A66DC99009065F8 /* Vector.cpp */ = {isa = PBXFileReference; fileEncoding = 4; lastKnownFileType = sourcecode.cpp.cpp; name = Vector.cpp; path = Math/Vector.cpp; sourceTree = "<group>"; };
		BE0C06371A66DC99009065F8 /* Vector.h */ = {isa = PBXFileReference; fileEncoding = 4; lastKnownFileType = sourcecode.c.h; name = Vector.h; path = Math/Vector.h; sourceTree = "<group>"; };
		BE0C063F1A66DD1B009065F8 /* BehaviorTree.cpp */ = {isa = PBXFileReference; fileEncoding = 4; lastKnownFileType = sourcecode.cpp.cpp; name = BehaviorTree.cpp; path = BehaviorTree/BehaviorTree.cpp; sourceTree = "<group>"; };
		BE0C06401A66DD1B009065F8 /* BehaviorTree.h */ = {isa = PBXFileReference; fileEncoding = 4; lastKnownFileType = sourcecode.c.h; name = BehaviorTree.h; path = BehaviorTree/BehaviorTree.h; sourceTree = "<group>"; };
		BE0C06431A66DD28009065F8 /* BehaviorContext.cpp */ = {isa = PBXFileReference; fileEncoding = 4; lastKnownFileType = sourcecode.cpp.cpp; name = BehaviorContext.cpp; path = BehaviorTree/BehaviorContext.cpp; sourceTree = "<group>"; };
		BE0C06441A66DD28009065F8 /* BehaviorContext.h */ = {isa = PBXFileReference; fileEncoding = 4; lastKnownFileType = sourcecode.c.h; name = BehaviorContext.h; path = BehaviorTree/BehaviorContext.h; sourceTree = "<group>"; };
		BE0C06461A66DD31009065F8 /* BehaviorTarget.cpp */ = {isa = PBXFileReference; fileEncoding = 4; lastKnownFileType = sourcecode.cpp.cpp; name = BehaviorTarget.cpp; path = BehaviorTree/BehaviorTarget.cpp; sourceTree = "<group>"; };
		BE0C06471A66DD31009065F8 /* BehaviorTarget.h */ = {isa = PBXFileReference; fileEncoding = 4; lastKnownFileType = sourcecode.c.h; name = BehaviorTarget.h; path = BehaviorTree/BehaviorTarget.h; sourceTree = "<group>"; };
		BE0C06491A66DD3E009065F8 /* BehaviorTreeNode.cpp */ = {isa = PBXFileReference; fileEncoding = 4; lastKnownFileType = sourcecode.cpp.cpp; name = BehaviorTreeNode.cpp; path = BehaviorTree/BehaviorTreeNode.cpp; sourceTree = "<group>"; };
		BE0C064A1A66DD3E009065F8 /* BehaviorTreeNode.h */ = {isa = PBXFileReference; fileEncoding = 4; lastKnownFileType = sourcecode.c.h; name = BehaviorTreeNode.h; path = BehaviorTree/BehaviorTreeNode.h; sourceTree = "<group>"; };
		BE0C064E1A66DD4F009065F8 /* DecoratorNode.cpp */ = {isa = PBXFileReference; fileEncoding = 4; lastKnownFileType = sourcecode.cpp.cpp; name = DecoratorNode.cpp; path = BehaviorTree/DecoratorNode.cpp; sourceTree = "<group>"; };
		BE0C064F1A66DD4F009065F8 /* DecoratorNode.h */ = {isa = PBXFileReference; fileEncoding = 4; lastKnownFileType = sourcecode.c.h; name = DecoratorNode.h; path = BehaviorTree/DecoratorNode.h; sourceTree = "<group>"; };
		BE0C06511A66DD54009065F8 /* CompositionNode.cpp */ = {isa = PBXFileReference; fileEncoding = 4; lastKnownFileType = sourcecode.cpp.cpp; name = CompositionNode.cpp; path = BehaviorTree/CompositionNode.cpp; sourceTree = "<group>"; };
		BE0C06521A66DD54009065F8 /* CompositionNode.h */ = {isa = PBXFileReference; fileEncoding = 4; lastKnownFileType = sourcecode.c.h; name = CompositionNode.h; path = BehaviorTree/CompositionNode.h; sourceTree = "<group>"; };
		BE0C06561A66DDA6009065F8 /* RepeaterNode.cpp */ = {isa = PBXFileReference; fileEncoding = 4; lastKnownFileType = sourcecode.cpp.cpp; name = RepeaterNode.cpp; path = BehaviorTree/RepeaterNode.cpp; sourceTree = "<group>"; };
		BE0C06571A66DDA6009065F8 /* RepeaterNode.h */ = {isa = PBXFileReference; fileEncoding = 4; lastKnownFileType = sourcecode.c.h; name = RepeaterNode.h; path = BehaviorTree/RepeaterNode.h; sourceTree = "<group>"; };
		BE0C06581A66DDA6009065F8 /* RepeatUntilFailNode.cpp */ = {isa = PBXFileReference; fileEncoding = 4; lastKnownFileType = sourcecode.cpp.cpp; name = RepeatUntilFailNode.cpp; path = BehaviorTree/RepeatUntilFailNode.cpp; sourceTree = "<group>"; };
		BE0C06591A66DDA6009065F8 /* RepeatUntilFailNode.h */ = {isa = PBXFileReference; fileEncoding = 4; lastKnownFileType = sourcecode.c.h; name = RepeatUntilFailNode.h; path = BehaviorTree/RepeatUntilFailNode.h; sourceTree = "<group>"; };
		BE0C065C1A66DDB5009065F8 /* SelectorNode.cpp */ = {isa = PBXFileReference; fileEncoding = 4; lastKnownFileType = sourcecode.cpp.cpp; name = SelectorNode.cpp; path = BehaviorTree/SelectorNode.cpp; sourceTree = "<group>"; };
		BE0C065D1A66DDB5009065F8 /* SelectorNode.h */ = {isa = PBXFileReference; fileEncoding = 4; lastKnownFileType = sourcecode.c.h; name = SelectorNode.h; path = BehaviorTree/SelectorNode.h; sourceTree = "<group>"; };
		BE0C065E1A66DDB5009065F8 /* SequenceNode.cpp */ = {isa = PBXFileReference; fileEncoding = 4; lastKnownFileType = sourcecode.cpp.cpp; name = SequenceNode.cpp; path = BehaviorTree/SequenceNode.cpp; sourceTree = "<group>"; };
		BE0C065F1A66DDB5009065F8 /* SequenceNode.h */ = {isa = PBXFileReference; fileEncoding = 4; lastKnownFileType = sourcecode.c.h; name = SequenceNode.h; path = BehaviorTree/SequenceNode.h; sourceTree = "<group>"; };
		BE0C06631A66DDCD009065F8 /* IsTargetEnemyNode.cpp */ = {isa = PBXFileReference; fileEncoding = 4; lastKnownFileType = sourcecode.cpp.cpp; name = IsTargetEnemyNode.cpp; path = BehaviorTree/Leafs/IsTargetEnemyNode.cpp; sourceTree = "<group>"; };
		BE0C06641A66DDCD009065F8 /* IsTargetEnemyNode.h */ = {isa = PBXFileReference; fileEncoding = 4; lastKnownFileType = sourcecode.c.h; name = IsTargetEnemyNode.h; path = BehaviorTree/Leafs/IsTargetEnemyNode.h; sourceTree = "<group>"; };
		BE0C06651A66DDCD009065F8 /* IsTargetPlayerNode.cpp */ = {isa = PBXFileReference; fileEncoding = 4; lastKnownFileType = sourcecode.cpp.cpp; name = IsTargetPlayerNode.cpp; path = BehaviorTree/Leafs/IsTargetPlayerNode.cpp; sourceTree = "<group>"; };
		BE0C06661A66DDCD009065F8 /* IsTargetPlayerNode.h */ = {isa = PBXFileReference; fileEncoding = 4; lastKnownFileType = sourcecode.c.h; name = IsTargetPlayerNode.h; path = BehaviorTree/Leafs/IsTargetPlayerNode.h; sourceTree = "<group>"; };
		BE0C06671A66DDCD009065F8 /* PopFromStackNode.cpp */ = {isa = PBXFileReference; fileEncoding = 4; lastKnownFileType = sourcecode.cpp.cpp; name = PopFromStackNode.cpp; path = BehaviorTree/Leafs/PopFromStackNode.cpp; sourceTree = "<group>"; };
		BE0C06681A66DDCD009065F8 /* PopFromStackNode.h */ = {isa = PBXFileReference; fileEncoding = 4; lastKnownFileType = sourcecode.c.h; name = PopFromStackNode.h; path = BehaviorTree/Leafs/PopFromStackNode.h; sourceTree = "<group>"; };
		BE0C06691A66DDCD009065F8 /* PushTargetToStackNode.cpp */ = {isa = PBXFileReference; fileEncoding = 4; lastKnownFileType = sourcecode.cpp.cpp; name = PushTargetToStackNode.cpp; path = BehaviorTree/Leafs/PushTargetToStackNode.cpp; sourceTree = "<group>"; };
		BE0C066A1A66DDCD009065F8 /* PushTargetToStackNode.h */ = {isa = PBXFileReference; fileEncoding = 4; lastKnownFileType = sourcecode.c.h; name = PushTargetToStackNode.h; path = BehaviorTree/Leafs/PushTargetToStackNode.h; sourceTree = "<group>"; };
		BE0C066B1A66DDCD009065F8 /* CatchBallNode.cpp */ = {isa = PBXFileReference; fileEncoding = 4; lastKnownFileType = sourcecode.cpp.cpp; name = CatchBallNode.cpp; path = BehaviorTree/Leafs/CatchBallNode.cpp; sourceTree = "<group>"; };
		BE0C066C1A66DDCD009065F8 /* CatchBallNode.h */ = {isa = PBXFileReference; fileEncoding = 4; lastKnownFileType = sourcecode.c.h; name = CatchBallNode.h; path = BehaviorTree/Leafs/CatchBallNode.h; sourceTree = "<group>"; };
		BE0C066D1A66DDCD009065F8 /* ChangeViewNode.cpp */ = {isa = PBXFileReference; fileEncoding = 4; lastKnownFileType = sourcecode.cpp.cpp; name = ChangeViewNode.cpp; path = BehaviorTree/Leafs/ChangeViewNode.cpp; sourceTree = "<group>"; };
		BE0C066E1A66DDCD009065F8 /* ChangeViewNode.h */ = {isa = PBXFileReference; fileEncoding = 4; lastKnownFileType = sourcecode.c.h; name = ChangeViewNode.h; path = BehaviorTree/Leafs/ChangeViewNode.h; sourceTree = "<group>"; };
		BE0C066F1A66DDCD009065F8 /* DashNode.cpp */ = {isa = PBXFileReference; fileEncoding = 4; lastKnownFileType = sourcecode.cpp.cpp; name = DashNode.cpp; path = BehaviorTree/Leafs/DashNode.cpp; sourceTree = "<group>"; };
		BE0C06701A66DDCD009065F8 /* DashNode.h */ = {isa = PBXFileReference; fileEncoding = 4; lastKnownFileType = sourcecode.c.h; name = DashNode.h; path = BehaviorTree/Leafs/DashNode.h; sourceTree = "<group>"; };
		BE0C06711A66DDCD009065F8 /* EndActNode.cpp */ = {isa = PBXFileReference; fileEncoding = 4; lastKnownFileType = sourcecode.cpp.cpp; name = EndActNode.cpp; path = BehaviorTree/Leafs/EndActNode.cpp; sourceTree = "<group>"; };
		BE0C06721A66DDCD009065F8 /* EndActNode.h */ = {isa = PBXFileReference; fileEncoding = 4; lastKnownFileType = sourcecode.c.h; name = EndActNode.h; path = BehaviorTree/Leafs/EndActNode.h; sourceTree = "<group>"; };
		BE0C06731A66DDCD009065F8 /* KickBallNode.cpp */ = {isa = PBXFileReference; fileEncoding = 4; lastKnownFileType = sourcecode.cpp.cpp; name = KickBallNode.cpp; path = BehaviorTree/Leafs/KickBallNode.cpp; sourceTree = "<group>"; };
		BE0C06741A66DDCD009065F8 /* KickBallNode.h */ = {isa = PBXFileReference; fileEncoding = 4; lastKnownFileType = sourcecode.c.h; name = KickBallNode.h; path = BehaviorTree/Leafs/KickBallNode.h; sourceTree = "<group>"; };
		BE0C06751A66DDCD009065F8 /* MoveNode.cpp */ = {isa = PBXFileReference; fileEncoding = 4; lastKnownFileType = sourcecode.cpp.cpp; name = MoveNode.cpp; path = BehaviorTree/Leafs/MoveNode.cpp; sourceTree = "<group>"; };
		BE0C06761A66DDCD009065F8 /* MoveNode.h */ = {isa = PBXFileReference; fileEncoding = 4; lastKnownFileType = sourcecode.c.h; name = MoveNode.h; path = BehaviorTree/Leafs/MoveNode.h; sourceTree = "<group>"; };
		BE0C06771A66DDCD009065F8 /* SayNode.cpp */ = {isa = PBXFileReference; fileEncoding = 4; lastKnownFileType = sourcecode.cpp.cpp; name = SayNode.cpp; path = BehaviorTree/Leafs/SayNode.cpp; sourceTree = "<group>"; };
		BE0C06781A66DDCD009065F8 /* SayNode.h */ = {isa = PBXFileReference; fileEncoding = 4; lastKnownFileType = sourcecode.c.h; name = SayNode.h; path = BehaviorTree/Leafs/SayNode.h; sourceTree = "<group>"; };
		BE0C06791A66DDCD009065F8 /* ScoreNode.cpp */ = {isa = PBXFileReference; fileEncoding = 4; lastKnownFileType = sourcecode.cpp.cpp; name = ScoreNode.cpp; path = BehaviorTree/Leafs/ScoreNode.cpp; sourceTree = "<group>"; };
		BE0C067A1A66DDCD009065F8 /* ScoreNode.h */ = {isa = PBXFileReference; fileEncoding = 4; lastKnownFileType = sourcecode.c.h; name = ScoreNode.h; path = BehaviorTree/Leafs/ScoreNode.h; sourceTree = "<group>"; };
		BE0C067B1A66DDCD009065F8 /* SenseBodyNode.cpp */ = {isa = PBXFileReference; fileEncoding = 4; lastKnownFileType = sourcecode.cpp.cpp; name = SenseBodyNode.cpp; path = BehaviorTree/Leafs/SenseBodyNode.cpp; sourceTree = "<group>"; };
		BE0C067C1A66DDCD009065F8 /* SenseBodyNode.h */ = {isa = PBXFileReference; fileEncoding = 4; lastKnownFileType = sourcecode.c.h; name = SenseBodyNode.h; path = BehaviorTree/Leafs/SenseBodyNode.h; sourceTree = "<group>"; };
		BE0C067D1A66DDCD009065F8 /* TurnNeckNode.cpp */ = {isa = PBXFileReference; fileEncoding = 4; lastKnownFileType = sourcecode.cpp.cpp; name = TurnNeckNode.cpp; path = BehaviorTree/Leafs/TurnNeckNode.cpp; sourceTree = "<group>"; };
		BE0C067E1A66DDCD009065F8 /* TurnNeckNode.h */ = {isa = PBXFileReference; fileEncoding = 4; lastKnownFileType = sourcecode.c.h; name = TurnNeckNode.h; path = BehaviorTree/Leafs/TurnNeckNode.h; sourceTree = "<group>"; };
		BE0C067F1A66DDCD009065F8 /* TurnNode.cpp */ = {isa = PBXFileReference; fileEncoding = 4; lastKnownFileType = sourcecode.cpp.cpp; name = TurnNode.cpp; path = BehaviorTree/Leafs/TurnNode.cpp; sourceTree = "<group>"; };
		BE0C06801A66DDCD009065F8 /* TurnNode.h */ = {isa = PBXFileReference; fileEncoding = 4; lastKnownFileType = sourcecode.c.h; name = TurnNode.h; path = BehaviorTree/Leafs/TurnNode.h; sourceTree = "<group>"; };
		BE0C06911A66DE17009065F8 /* Brain.cpp */ = {isa = PBXFileReference; fileEncoding = 4; lastKnownFileType = sourcecode.cpp.cpp; name = Brain.cpp; path = Thread/Brain.cpp; sourceTree = "<group>"; };
		BE0C06921A66DE17009065F8 /* Brain.h */ = {isa = PBXFileReference; fileEncoding = 4; lastKnownFileType = sourcecode.c.h; name = Brain.h; path = Thread/Brain.h; sourceTree = "<group>"; };
		BE0C06941A66DE84009065F8 /* BehaviorLeafs.h */ = {isa = PBXFileReference; lastKnownFileType = sourcecode.c.h; name = BehaviorLeafs.h; path = BehaviorTree/BehaviorLeafs.h; sourceTree = "<group>"; };
		BE0C06951A66DEA4009065F8 /* BehaviorException.cpp */ = {isa = PBXFileReference; fileEncoding = 4; lastKnownFileType = sourcecode.cpp.cpp; name = BehaviorException.cpp; path = BehaviorTree/BehaviorException.cpp; sourceTree = "<group>"; };
		BE0C06961A66DEA4009065F8 /* BehaviorException.h */ = {isa = PBXFileReference; fileEncoding = 4; lastKnownFileType = sourcecode.c.h; name = BehaviorException.h; path = BehaviorTree/BehaviorException.h; sourceTree = "<group>"; };
		BE0C069D1A66E23C009065F8 /* BehaviorCustom.h */ = {isa = PBXFileReference; lastKnownFileType = sourcecode.c.h; name = BehaviorCustom.h; path = BehaviorTree/BehaviorCustom.h; sourceTree = "<group>"; };
		BE0C069E1A66E275009065F8 /* Behavior.h */ = {isa = PBXFileReference; lastKnownFileType = sourcecode.c.h; name = Behavior.h; path = BehaviorTree/Behavior.h; sourceTree = "<group>"; };
		BE0C069F1A66E2A5009065F8 /* BehaviorFlow.h */ = {isa = PBXFileReference; lastKnownFileType = sourcecode.c.h; name = BehaviorFlow.h; path = BehaviorTree/BehaviorFlow.h; sourceTree = "<group>"; };
		BE0C06A01A66E4DC009065F8 /* SearchNode.cpp */ = {isa = PBXFileReference; fileEncoding = 4; lastKnownFileType = sourcecode.cpp.cpp; name = SearchNode.cpp; path = BehaviorTree/Custom/SearchNode.cpp; sourceTree = "<group>"; };
		BE0C06A11A66E4DC009065F8 /* SearchNode.h */ = {isa = PBXFileReference; fileEncoding = 4; lastKnownFileType = sourcecode.c.h; name = SearchNode.h; path = BehaviorTree/Custom/SearchNode.h; sourceTree = "<group>"; };
		BE0C06A31A66E72E009065F8 /* SetTargetToNode.cpp */ = {isa = PBXFileReference; fileEncoding = 4; lastKnownFileType = sourcecode.cpp.cpp; name = SetTargetToNode.cpp; path = BehaviorTree/Leafs/SetTargetToNode.cpp; sourceTree = "<group>"; };
		BE0C06A41A66E72E009065F8 /* SetTargetToNode.h */ = {isa = PBXFileReference; fileEncoding = 4; lastKnownFileType = sourcecode.c.h; name = SetTargetToNode.h; path = BehaviorTree/Leafs/SetTargetToNode.h; sourceTree = "<group>"; };
		BE0C06A61A66EDD7009065F8 /* IsTargetVisibleNode.cpp */ = {isa = PBXFileReference; fileEncoding = 4; lastKnownFileType = sourcecode.cpp.cpp; name = IsTargetVisibleNode.cpp; path = BehaviorTree/Leafs/IsTargetVisibleNode.cpp; sourceTree = "<group>"; };
		BE0C06A71A66EDD7009065F8 /* IsTargetVisibleNode.h */ = {isa = PBXFileReference; fileEncoding = 4; lastKnownFileType = sourcecode.c.h; name = IsTargetVisibleNode.h; path = BehaviorTree/Leafs/IsTargetVisibleNode.h; sourceTree = "<group>"; };
		BE0C06A91A66F09D009065F8 /* InverterNode.cpp */ = {isa = PBXFileReference; fileEncoding = 4; lastKnownFileType = sourcecode.cpp.cpp; name = InverterNode.cpp; path = BehaviorTree/InverterNode.cpp; sourceTree = "<group>"; };
		BE0C06AA1A66F09D009065F8 /* InverterNode.h */ = {isa = PBXFileReference; fileEncoding = 4; lastKnownFileType = sourcecode.c.h; name = InverterNode.h; path = BehaviorTree/InverterNode.h; sourceTree = "<group>"; };
		BE0C06AC1A670525009065F8 /* SearchTurnNeckNode.cpp */ = {isa = PBXFileReference; fileEncoding = 4; lastKnownFileType = sourcecode.cpp.cpp; name = SearchTurnNeckNode.cpp; path = BehaviorTree/Custom/SearchTurnNeckNode.cpp; sourceTree = "<group>"; };
		BE0C06AD1A670525009065F8 /* SearchTurnNeckNode.h */ = {isa = PBXFileReference; fileEncoding = 4; lastKnownFileType = sourcecode.c.h; name = SearchTurnNeckNode.h; path = BehaviorTree/Custom/SearchTurnNeckNode.h; sourceTree = "<group>"; };
		BE0C06AF1A679284009065F8 /* ExecuteActNode.cpp */ = {isa = PBXFileReference; fileEncoding = 4; lastKnownFileType = sourcecode.cpp.cpp; name = ExecuteActNode.cpp; path = BehaviorTree/Leafs/ExecuteActNode.cpp; sourceTree = "<group>"; };
		BE0C06B01A679284009065F8 /* ExecuteActNode.h */ = {isa = PBXFileReference; fileEncoding = 4; lastKnownFileType = sourcecode.c.h; name = ExecuteActNode.h; path = BehaviorTree/Leafs/ExecuteActNode.h; sourceTree = "<group>"; };
		BE0C06B51A679B3E009065F8 /* SetTargetToPositiveNeckTurnAngleNode.cpp */ = {isa = PBXFileReference; fileEncoding = 4; lastKnownFileType = sourcecode.cpp.cpp; name = SetTargetToPositiveNeckTurnAngleNode.cpp; path = BehaviorTree/Leafs/SetTargetToPositiveNeckTurnAngleNode.cpp; sourceTree = "<group>"; };
		BE0C06B61A679B3E009065F8 /* SetTargetToPositiveNeckTurnAngleNode.h */ = {isa = PBXFileReference; fileEncoding = 4; lastKnownFileType = sourcecode.c.h; name = SetTargetToPositiveNeckTurnAngleNode.h; path = BehaviorTree/Leafs/SetTargetToPositiveNeckTurnAngleNode.h; sourceTree = "<group>"; };
		BE0C06B81A679F7D009065F8 /* SetTargetToNegativeNeckTurnAngleNode.cpp */ = {isa = PBXFileReference; fileEncoding = 4; lastKnownFileType = sourcecode.cpp.cpp; name = SetTargetToNegativeNeckTurnAngleNode.cpp; path = BehaviorTree/Leafs/SetTargetToNegativeNeckTurnAngleNode.cpp; sourceTree = "<group>"; };
		BE0C06B91A679F7D009065F8 /* SetTargetToNegativeNeckTurnAngleNode.h */ = {isa = PBXFileReference; fileEncoding = 4; lastKnownFileType = sourcecode.c.h; name = SetTargetToNegativeNeckTurnAngleNode.h; path = BehaviorTree/Leafs/SetTargetToNegativeNeckTurnAngleNode.h; sourceTree = "<group>"; };
		BE0C06BB1A67A702009065F8 /* TurnNeckPositiveNode.cpp */ = {isa = PBXFileReference; fileEncoding = 4; lastKnownFileType = sourcecode.cpp.cpp; name = TurnNeckPositiveNode.cpp; path = BehaviorTree/Custom/TurnNeckPositiveNode.cpp; sourceTree = "<group>"; };
		BE0C06BC1A67A702009065F8 /* TurnNeckPositiveNode.h */ = {isa = PBXFileReference; fileEncoding = 4; lastKnownFileType = sourcecode.c.h; name = TurnNeckPositiveNode.h; path = BehaviorTree/Custom/TurnNeckPositiveNode.h; sourceTree = "<group>"; };
		BE0C06BE1A67A7EA009065F8 /* TurnNeckNegativeNode.cpp */ = {isa = PBXFileReference; fileEncoding = 4; lastKnownFileType = sourcecode.cpp.cpp; name = TurnNeckNegativeNode.cpp; path = BehaviorTree/Custom/TurnNeckNegativeNode.cpp; sourceTree = "<group>"; };
		BE0C06BF1A67A7EA009065F8 /* TurnNeckNegativeNode.h */ = {isa = PBXFileReference; fileEncoding = 4; lastKnownFileType = sourcecode.c.h; name = TurnNeckNegativeNode.h; path = BehaviorTree/Custom/TurnNeckNegativeNode.h; sourceTree = "<group>"; };
		BE375D371A6FD49B0084AF6D /* IsTurnedOnTargetNode.cpp */ = {isa = PBXFileReference; fileEncoding = 4; lastKnownFileType = sourcecode.cpp.cpp; name = IsTurnedOnTargetNode.cpp; path = BehaviorTree/Leafs/IsTurnedOnTargetNode.cpp; sourceTree = "<group>"; };
		BE375D381A6FD49B0084AF6D /* IsTurnedOnTargetNode.h */ = {isa = PBXFileReference; fileEncoding = 4; lastKnownFileType = sourcecode.c.h; name = IsTurnedOnTargetNode.h; path = BehaviorTree/Leafs/IsTurnedOnTargetNode.h; sourceTree = "<group>"; };
		BE4B242F1A6C234A00D155C9 /* ObservableTypes.h */ = {isa = PBXFileReference; lastKnownFileType = sourcecode.c.h; name = ObservableTypes.h; path = Parser/ObservableTypes.h; sourceTree = "<group>"; };
		BE4B243F1A6D848D00D155C9 /* TurnTowardsTypeNode.cpp */ = {isa = PBXFileReference; fileEncoding = 4; lastKnownFileType = sourcecode.cpp.cpp; name = TurnTowardsTypeNode.cpp; path = BehaviorTree/Custom/TurnTowardsTypeNode.cpp; sourceTree = "<group>"; };
		BE4B24401A6D848D00D155C9 /* TurnTowardsTypeNode.h */ = {isa = PBXFileReference; fileEncoding = 4; lastKnownFileType = sourcecode.c.h; name = TurnTowardsTypeNode.h; path = BehaviorTree/Custom/TurnTowardsTypeNode.h; sourceTree = "<group>"; };
		BE4B24451A6D8DB700D155C9 /* DashTowardsTargetNode.cpp */ = {isa = PBXFileReference; fileEncoding = 4; lastKnownFileType = sourcecode.cpp.cpp; name = DashTowardsTargetNode.cpp; path = BehaviorTree/Custom/DashTowardsTargetNode.cpp; sourceTree = "<group>"; };
		BE4B24461A6D8DB700D155C9 /* DashTowardsTargetNode.h */ = {isa = PBXFileReference; fileEncoding = 4; lastKnownFileType = sourcecode.c.h; name = DashTowardsTargetNode.h; path = BehaviorTree/Custom/DashTowardsTargetNode.h; sourceTree = "<group>"; };
		BE4B24481A6D94D200D155C9 /* IsCloseToTargetNode.cpp */ = {isa = PBXFileReference; fileEncoding = 4; lastKnownFileType = sourcecode.cpp.cpp; name = IsCloseToTargetNode.cpp; path = BehaviorTree/Leafs/IsCloseToTargetNode.cpp; sourceTree = "<group>"; };
		BE4B24491A6D94D200D155C9 /* IsCloseToTargetNode.h */ = {isa = PBXFileReference; fileEncoding = 4; lastKnownFileType = sourcecode.c.h; name = IsCloseToTargetNode.h; path = BehaviorTree/Leafs/IsCloseToTargetNode.h; sourceTree = "<group>"; };
		BE4B244B1A6D9F9600D155C9 /* SetTargetToTwiceMaximumHeadAngleNode.cpp */ = {isa = PBXFileReference; fileEncoding = 4; lastKnownFileType = sourcecode.cpp.cpp; name = SetTargetToTwiceMaximumHeadAngleNode.cpp; path = BehaviorTree/Leafs/SetTargetToTwiceMaximumHeadAngleNode.cpp; sourceTree = "<group>"; };
		BE4B244C1A6D9F9600D155C9 /* SetTargetToTwiceMaximumHeadAngleNode.h */ = {isa = PBXFileReference; fileEncoding = 4; lastKnownFileType = sourcecode.c.h; name = SetTargetToTwiceMaximumHeadAngleNode.h; path = BehaviorTree/Leafs/SetTargetToTwiceMaximumHeadAngleNode.h; sourceTree = "<group>"; };
		BE4B244E1A6DA09100D155C9 /* TurnTwiceMaximumHeadAngleNode.cpp */ = {isa = PBXFileReference; fileEncoding = 4; lastKnownFileType = sourcecode.cpp.cpp; name = TurnTwiceMaximumHeadAngleNode.cpp; path = BehaviorTree/Custom/TurnTwiceMaximumHeadAngleNode.cpp; sourceTree = "<group>"; };
		BE4B244F1A6DA09100D155C9 /* TurnTwiceMaximumHeadAngleNode.h */ = {isa = PBXFileReference; fileEncoding = 4; lastKnownFileType = sourcecode.c.h; name = TurnTwiceMaximumHeadAngleNode.h; path = BehaviorTree/Custom/TurnTwiceMaximumHeadAngleNode.h; sourceTree = "<group>"; };
		BE6C1D2A1A78043E008E12C5 /* SetTargetToOpponentGoalNode.cpp */ = {isa = PBXFileReference; fileEncoding = 4; lastKnownFileType = sourcecode.cpp.cpp; name = SetTargetToOpponentGoalNode.cpp; path = BehaviorTree/Leafs/SetTargetToOpponentGoalNode.cpp; sourceTree = "<group>"; };
		BE6C1D2B1A78043E008E12C5 /* SetTargetToOpponentGoalNode.h */ = {isa = PBXFileReference; fileEncoding = 4; lastKnownFileType = sourcecode.c.h; name = SetTargetToOpponentGoalNode.h; path = BehaviorTree/Leafs/SetTargetToOpponentGoalNode.h; sourceTree = "<group>"; };
		BE6C1D2D1A7815F6008E12C5 /* RepeatUntilSuccessNode.cpp */ = {isa = PBXFileReference; fileEncoding = 4; lastKnownFileType = sourcecode.cpp.cpp; name = RepeatUntilSuccessNode.cpp; path = BehaviorTree/RepeatUntilSuccessNode.cpp; sourceTree = "<group>"; };
		BE6C1D2E1A7815F6008E12C5 /* RepeatUntilSuccessNode.h */ = {isa = PBXFileReference; fileEncoding = 4; lastKnownFileType = sourcecode.c.h; name = RepeatUntilSuccessNode.h; path = BehaviorTree/RepeatUntilSuccessNode.h; sourceTree = "<group>"; };
		BEBEF77A1A6969650094396A /* TurnNeckToCenterNode.cpp */ = {isa = PBXFileReference; fileEncoding = 4; lastKnownFileType = sourcecode.cpp.cpp; name = TurnNeckToCenterNode.cpp; path = BehaviorTree/Leafs/TurnNeckToCenterNode.cpp; sourceTree = "<group>"; };
		BEBEF77B1A6969650094396A /* TurnNeckToCenterNode.h */ = {isa = PBXFileReference; fileEncoding = 4; lastKnownFileType = sourcecode.c.h; name = TurnNeckToCenterNode.h; path = BehaviorTree/Leafs/TurnNeckToCenterNode.h; sourceTree = "<group>"; };
		BEBEF7831A6972130094396A /* ClearTargetNode.cpp */ = {isa = PBXFileReference; fileEncoding = 4; lastKnownFileType = sourcecode.cpp.cpp; name = ClearTargetNode.cpp; path = BehaviorTree/Leafs/ClearTargetNode.cpp; sourceTree = "<group>"; };
		BEBEF7841A6972130094396A /* ClearTargetNode.h */ = {isa = PBXFileReference; fileEncoding = 4; lastKnownFileType = sourcecode.c.h; name = ClearTargetNode.h; path = BehaviorTree/Leafs/ClearTargetNode.h; sourceTree = "<group>"; };
		BEBEF7861A6972290094396A /* ClearStackNode.cpp */ = {isa = PBXFileReference; fileEncoding = 4; lastKnownFileType = sourcecode.cpp.cpp; name = ClearStackNode.cpp; path = BehaviorTree/Leafs/ClearStackNode.cpp; sourceTree = "<group>"; };
		BEBEF7871A6972290094396A /* ClearStackNode.h */ = {isa = PBXFileReference; fileEncoding = 4; lastKnownFileType = sourcecode.c.h; name = ClearStackNode.h; path = BehaviorTree/Leafs/ClearStackNode.h; sourceTree = "<group>"; };
		BEBEF78C1A697F390094396A /* SuccessNode.cpp */ = {isa = PBXFileReference; fileEncoding = 4; lastKnownFileType = sourcecode.cpp.cpp; name = SuccessNode.cpp; path = BehaviorTree/SuccessNode.cpp; sourceTree = "<group>"; };
		BEBEF78D1A697F390094396A /* SuccessNode.h */ = {isa = PBXFileReference; fileEncoding = 4; lastKnownFileType = sourcecode.c.h; name = SuccessNode.h; path = BehaviorTree/SuccessNode.h; sourceTree = "<group>"; };
		BEBEF78F1A697F860094396A /* FailureNode.cpp */ = {isa = PBXFileReference; fileEncoding = 4; lastKnownFileType = sourcecode.cpp.cpp; name = FailureNode.cpp; path = BehaviorTree/FailureNode.cpp; sourceTree = "<group>"; };
		BEBEF7901A697F860094396A /* FailureNode.h */ = {isa = PBXFileReference; fileEncoding = 4; lastKnownFileType = sourcecode.c.h; name = FailureNode.h; path = BehaviorTree/FailureNode.h; sourceTree = "<group>"; };
		BEE1F2C61A6A510500FBD90C /* Nameable.cpp */ = {isa = PBXFileReference; fileEncoding = 4; lastKnownFileType = sourcecode.cpp.cpp; path = Nameable.cpp; sourceTree = "<group>"; };
		BEE1F2C71A6A510500FBD90C /* Nameable.h */ = {isa = PBXFileReference; fileEncoding = 4; lastKnownFileType = sourcecode.c.h; path = Nameable.h; sourceTree = "<group>"; };
		BEE1F2CD1A6AA36500FBD90C /* WaitBodyStateUpdateNode.cpp */ = {isa = PBXFileReference; fileEncoding = 4; lastKnownFileType = sourcecode.cpp.cpp; name = WaitBodyStateUpdateNode.cpp; path = BehaviorTree/Leafs/WaitBodyStateUpdateNode.cpp; sourceTree = "<group>"; };
		BEE1F2CE1A6AA36500FBD90C /* WaitBodyStateUpdateNode.h */ = {isa = PBXFileReference; fileEncoding = 4; lastKnownFileType = sourcecode.c.h; name = WaitBodyStateUpdateNode.h; path = BehaviorTree/Leafs/WaitBodyStateUpdateNode.h; sourceTree = "<group>"; };
		BEE1F2D01A6AA66100FBD90C /* WaitSeeStateUpdateNode.cpp */ = {isa = PBXFileReference; fileEncoding = 4; lastKnownFileType = sourcecode.cpp.cpp; name = WaitSeeStateUpdateNode.cpp; path = BehaviorTree/Leafs/WaitSeeStateUpdateNode.cpp; sourceTree = "<group>"; };
		BEE1F2D11A6AA66100FBD90C /* WaitSeeStateUpdateNode.h */ = {isa = PBXFileReference; fileEncoding = 4; lastKnownFileType = sourcecode.c.h; name = WaitSeeStateUpdateNode.h; path = BehaviorTree/Leafs/WaitSeeStateUpdateNode.h; sourceTree = "<group>"; };
		BEE1F2D31A6AA67000FBD90C /* WaitTeamStateUpdateNode.cpp */ = {isa = PBXFileReference; fileEncoding = 4; lastKnownFileType = sourcecode.cpp.cpp; name = WaitTeamStateUpdateNode.cpp; path = BehaviorTree/Leafs/WaitTeamStateUpdateNode.cpp; sourceTree = "<group>"; };
		BEE1F2D41A6AA67000FBD90C /* WaitTeamStateUpdateNode.h */ = {isa = PBXFileReference; fileEncoding = 4; lastKnownFileType = sourcecode.c.h; name = WaitTeamStateUpdateNode.h; path = BehaviorTree/Leafs/WaitTeamStateUpdateNode.h; sourceTree = "<group>"; };
/* End PBXFileReference section */

/* Begin PBXFrameworksBuildPhase section */
		BE0C05AF1A66D90F009065F8 /* Frameworks */ = {
			isa = PBXFrameworksBuildPhase;
			buildActionMask = 2147483647;
			files = (
			);
			runOnlyForDeploymentPostprocessing = 0;
		};
/* End PBXFrameworksBuildPhase section */

/* Begin PBXGroup section */
		BE0C05A91A66D90F009065F8 = {
			isa = PBXGroup;
			children = (
				BE0C05B41A66D90F009065F8 /* Robocup */,
				BE0C05B31A66D90F009065F8 /* Products */,
			);
			sourceTree = "<group>";
		};
		BE0C05B31A66D90F009065F8 /* Products */ = {
			isa = PBXGroup;
			children = (
				BE0C05B21A66D90F009065F8 /* Robocup */,
			);
			name = Products;
			sourceTree = "<group>";
		};
		BE0C05B41A66D90F009065F8 /* Robocup */ = {
			isa = PBXGroup;
			children = (
				BE0C05C31A66D9E9009065F8 /* Instruction.h */,
				BE0C05C21A66D9E9009065F8 /* Instruction.cpp */,
				BE0C05B51A66D90F009065F8 /* main.cpp */,
				BE0C063E1A66DD08009065F8 /* BehaviorTree */,
				BEE1F2C91A6A511000FBD90C /* Nameable */,
				BE0C06331A66DC8E009065F8 /* Math */,
				BE0C06231A66DC74009065F8 /* Player */,
				BE0C060F1A66DBE7009065F8 /* Threadable */,
				BE0C05C51A66D9F3009065F8 /* Communication */,
				BE0C05E71A66DAAD009065F8 /* Parser */,
			);
			path = Robocup;
			sourceTree = "<group>";
		};
		BE0C05C51A66D9F3009065F8 /* Communication */ = {
			isa = PBXGroup;
			children = (
				BE0C06181A66DC31009065F8 /* ConnectionHandler */,
				BE0C05CB1A66DA0D009065F8 /* Connection */,
				BE0C05CA1A66DA07009065F8 /* Server */,
				BE0C05C91A66DA01009065F8 /* Client */,
				BE0C05C71A66D9FF009065F8 /* Communicator.h */,
				BE0C05C61A66D9FF009065F8 /* Communicator.cpp */,
				BE0C06091A66DBA1009065F8 /* BodyState */,
			);
			name = Communication;
			sourceTree = "<group>";
		};
		BE0C05C91A66DA01009065F8 /* Client */ = {
			isa = PBXGroup;
			children = (
				BE0C05DE1A66DA28009065F8 /* Client.cpp */,
				BE0C05DF1A66DA28009065F8 /* Client.h */,
				BE0C05E01A66DA28009065F8 /* TCPClient.cpp */,
				BE0C05E11A66DA28009065F8 /* TCPClient.h */,
				BE0C05E21A66DA28009065F8 /* UDPClient.cpp */,
				BE0C05E31A66DA28009065F8 /* UDPClient.h */,
			);
			name = Client;
			sourceTree = "<group>";
		};
		BE0C05CA1A66DA07009065F8 /* Server */ = {
			isa = PBXGroup;
			children = (
				BE0C05CC1A66DA18009065F8 /* Server.cpp */,
				BE0C05CD1A66DA18009065F8 /* Server.h */,
				BE0C05CE1A66DA18009065F8 /* TCPServer.cpp */,
				BE0C05CF1A66DA18009065F8 /* TCPServer.h */,
				BE0C05D01A66DA18009065F8 /* UDPServer.cpp */,
				BE0C05D11A66DA18009065F8 /* UDPServer.h */,
			);
			name = Server;
			sourceTree = "<group>";
		};
		BE0C05CB1A66DA0D009065F8 /* Connection */ = {
			isa = PBXGroup;
			children = (
				BE0C05D51A66DA20009065F8 /* Connection.cpp */,
				BE0C05D61A66DA20009065F8 /* Connection.h */,
				BE0C05D71A66DA20009065F8 /* TCPConnection.cpp */,
				BE0C05D81A66DA20009065F8 /* TCPConnection.h */,
				BE0C05D91A66DA20009065F8 /* UDPConnection.cpp */,
				BE0C05DA1A66DA20009065F8 /* UDPConnection.h */,
			);
			name = Connection;
			sourceTree = "<group>";
		};
		BE0C05E71A66DAAD009065F8 /* Parser */ = {
			isa = PBXGroup;
			children = (
				BE0C060D1A66DBDE009065F8 /* Parser.h */,
				BE0C060C1A66DBDE009065F8 /* Parser.cpp */,
				BE0C05FF1A66DB6B009065F8 /* ParserCommonDefinitions.h */,
				BE0C06001A66DB6B009065F8 /* ParserErrorDefinitions.h */,
				BE0C06011A66DB6B009065F8 /* ParserParseDefinitions.h */,
				BE0C06021A66DB6B009065F8 /* ParserTypeDefinitions.h */,
				BE0C05E81A66DAD8009065F8 /* States */,
			);
			name = Parser;
			sourceTree = "<group>";
		};
		BE0C05E81A66DAD8009065F8 /* States */ = {
			isa = PBXGroup;
			children = (
				BE0C05FD1A66DB4C009065F8 /* State.h */,
				BE0C05FC1A66DB4C009065F8 /* State.cpp */,
				BE0C06081A66DB99009065F8 /* HearState */,
				BE0C06071A66DB8F009065F8 /* PlayerState */,
				BE0C06061A66DB7F009065F8 /* SeeState */,
				BE0C060A1A66DBAB009065F8 /* ServerState */,
				BE0C060B1A66DBB4009065F8 /* TeamState */,
			);
			name = States;
			sourceTree = "<group>";
		};
		BE0C06061A66DB7F009065F8 /* SeeState */ = {
			isa = PBXGroup;
			children = (
				BE4B242F1A6C234A00D155C9 /* ObservableTypes.h */,
				BE0C06041A66DB7D009065F8 /* Observable.h */,
				BE0C06031A66DB7D009065F8 /* Observable.cpp */,
				BE0C05F31A66DB38009065F8 /* SeeState.h */,
				BE0C05F21A66DB38009065F8 /* SeeState.cpp */,
			);
			name = SeeState;
			sourceTree = "<group>";
		};
		BE0C06071A66DB8F009065F8 /* PlayerState */ = {
			isa = PBXGroup;
			children = (
				BE0C05F11A66DB38009065F8 /* PlayerState.h */,
				BE0C05F01A66DB38009065F8 /* PlayerState.cpp */,
			);
			name = PlayerState;
			sourceTree = "<group>";
		};
		BE0C06081A66DB99009065F8 /* HearState */ = {
			isa = PBXGroup;
			children = (
				BE0C05ED1A66DB31009065F8 /* HearState.h */,
				BE0C05EC1A66DB31009065F8 /* HearState.cpp */,
			);
			name = HearState;
			sourceTree = "<group>";
		};
		BE0C06091A66DBA1009065F8 /* BodyState */ = {
			isa = PBXGroup;
			children = (
				BE0C05EB1A66DB31009065F8 /* BodyState.h */,
				BE0C05EA1A66DB31009065F8 /* BodyState.cpp */,
			);
			name = BodyState;
			sourceTree = "<group>";
		};
		BE0C060A1A66DBAB009065F8 /* ServerState */ = {
			isa = PBXGroup;
			children = (
				BE0C05F71A66DB3E009065F8 /* ServerState.h */,
				BE0C05F61A66DB3E009065F8 /* ServerState.cpp */,
			);
			name = ServerState;
			sourceTree = "<group>";
		};
		BE0C060B1A66DBB4009065F8 /* TeamState */ = {
			isa = PBXGroup;
			children = (
				BE0C05FA1A66DB46009065F8 /* TeamState.h */,
				BE0C05F91A66DB46009065F8 /* TeamState.cpp */,
			);
			name = TeamState;
			sourceTree = "<group>";
		};
		BE0C060F1A66DBE7009065F8 /* Threadable */ = {
			isa = PBXGroup;
			children = (
				BE0C061D1A66DC57009065F8 /* Threadable.h */,
				BE0C061C1A66DC57009065F8 /* Threadable.cpp */,
				BE0C061F1A66DC59009065F8 /* ThreadQueue */,
				BE0C06111A66DBFB009065F8 /* Mutex */,
				BE0C06101A66DBF3009065F8 /* ConditionVariable */,
			);
			name = Threadable;
			sourceTree = "<group>";
		};
		BE0C06101A66DBF3009065F8 /* ConditionVariable */ = {
			isa = PBXGroup;
			children = (
				BE0C06161A66DC0F009065F8 /* ConditionVariable.h */,
				BE0C06151A66DC0F009065F8 /* ConditionVariable.cpp */,
			);
			name = ConditionVariable;
			sourceTree = "<group>";
		};
		BE0C06111A66DBFB009065F8 /* Mutex */ = {
			isa = PBXGroup;
			children = (
				BE0C06131A66DC09009065F8 /* Mutex.h */,
				BE0C06121A66DC09009065F8 /* Mutex.cpp */,
			);
			name = Mutex;
			sourceTree = "<group>";
		};
		BE0C06181A66DC31009065F8 /* ConnectionHandler */ = {
			isa = PBXGroup;
			children = (
				BE0C061A1A66DC46009065F8 /* ConnectionHandler.h */,
				BE0C06191A66DC46009065F8 /* ConnectionHandler.cpp */,
			);
			name = ConnectionHandler;
			sourceTree = "<group>";
		};
		BE0C061F1A66DC59009065F8 /* ThreadQueue */ = {
			isa = PBXGroup;
			children = (
				BE0C06211A66DC64009065F8 /* ThreadQueue.h */,
				BE0C06201A66DC64009065F8 /* ThreadQueue.cpp */,
			);
			name = ThreadQueue;
			sourceTree = "<group>";
		};
		BE0C06231A66DC74009065F8 /* Player */ = {
			isa = PBXGroup;
			children = (
				BE0C06901A66DE01009065F8 /* Brain */,
				BE0C06251A66DC7E009065F8 /* Player.h */,
				BE0C06241A66DC7E009065F8 /* Player.cpp */,
				BE0C063D1A66DCB3009065F8 /* Striker */,
				BE0C063A1A66DCA3009065F8 /* Defender */,
				BE0C063B1A66DCA7009065F8 /* GoalKeeper */,
				BE0C063C1A66DCAE009065F8 /* MidFielder */,
			);
			name = Player;
			sourceTree = "<group>";
		};
		BE0C06331A66DC8E009065F8 /* Math */ = {
			isa = PBXGroup;
			children = (
				BE0C06351A66DC99009065F8 /* Coordinate.h */,
				BE0C06341A66DC99009065F8 /* Coordinate.cpp */,
				BE0C06371A66DC99009065F8 /* Vector.h */,
				BE0C06361A66DC99009065F8 /* Vector.cpp */,
			);
			name = Math;
			sourceTree = "<group>";
		};
		BE0C063A1A66DCA3009065F8 /* Defender */ = {
			isa = PBXGroup;
			children = (
				BE0C06281A66DC88009065F8 /* Defender.h */,
				BE0C06271A66DC88009065F8 /* Defender.cpp */,
			);
			name = Defender;
			sourceTree = "<group>";
		};
		BE0C063B1A66DCA7009065F8 /* GoalKeeper */ = {
			isa = PBXGroup;
			children = (
				BE0C062C1A66DC88009065F8 /* GoalKeeper.h */,
				BE0C062B1A66DC88009065F8 /* GoalKeeper.cpp */,
			);
			name = GoalKeeper;
			sourceTree = "<group>";
		};
		BE0C063C1A66DCAE009065F8 /* MidFielder */ = {
			isa = PBXGroup;
			children = (
				BE0C062E1A66DC88009065F8 /* MidFielder.h */,
				BE0C062D1A66DC88009065F8 /* MidFielder.cpp */,
			);
			name = MidFielder;
			sourceTree = "<group>";
		};
		BE0C063D1A66DCB3009065F8 /* Striker */ = {
			isa = PBXGroup;
			children = (
				BE0C062A1A66DC88009065F8 /* Forward.h */,
				BE0C06291A66DC88009065F8 /* Forward.cpp */,
			);
			name = Striker;
			sourceTree = "<group>";
		};
		BE0C063E1A66DD08009065F8 /* BehaviorTree */ = {
			isa = PBXGroup;
			children = (
				BE0C069E1A66E275009065F8 /* Behavior.h */,
				BE0C069F1A66E2A5009065F8 /* BehaviorFlow.h */,
				BE0C06941A66DE84009065F8 /* BehaviorLeafs.h */,
				BE0C069D1A66E23C009065F8 /* BehaviorCustom.h */,
				BE0C06401A66DD1B009065F8 /* BehaviorTree.h */,
				BE0C063F1A66DD1B009065F8 /* BehaviorTree.cpp */,
				BE0C06441A66DD28009065F8 /* BehaviorContext.h */,
				BE0C06431A66DD28009065F8 /* BehaviorContext.cpp */,
				BE0C06471A66DD31009065F8 /* BehaviorTarget.h */,
				BE0C06461A66DD31009065F8 /* BehaviorTarget.cpp */,
				BE0C06981A66DEA8009065F8 /* Exception */,
				BE0C06421A66DD1F009065F8 /* Nodes */,
			);
			name = BehaviorTree;
			sourceTree = "<group>";
		};
		BE0C06421A66DD1F009065F8 /* Nodes */ = {
			isa = PBXGroup;
			children = (
				BE0C064A1A66DD3E009065F8 /* BehaviorTreeNode.h */,
				BE0C06491A66DD3E009065F8 /* BehaviorTreeNode.cpp */,
				BE0C064D1A66DD47009065F8 /* Decorator */,
				BE0C064C1A66DD42009065F8 /* Composition */,
				BE0C06621A66DDBF009065F8 /* Leafs */,
				BE0C06991A66E19C009065F8 /* CustomNodes */,
			);
			name = Nodes;
			sourceTree = "<group>";
		};
		BE0C064C1A66DD42009065F8 /* Composition */ = {
			isa = PBXGroup;
			children = (
				BE0C06521A66DD54009065F8 /* CompositionNode.h */,
				BE0C06511A66DD54009065F8 /* CompositionNode.cpp */,
				BE0C06551A66DD67009065F8 /* Implementation */,
			);
			name = Composition;
			sourceTree = "<group>";
		};
		BE0C064D1A66DD47009065F8 /* Decorator */ = {
			isa = PBXGroup;
			children = (
				BE0C064F1A66DD4F009065F8 /* DecoratorNode.h */,
				BE0C064E1A66DD4F009065F8 /* DecoratorNode.cpp */,
				BE0C06541A66DD60009065F8 /* Implementation */,
			);
			name = Decorator;
			sourceTree = "<group>";
		};
		BE0C06541A66DD60009065F8 /* Implementation */ = {
			isa = PBXGroup;
			children = (
				BE0C06571A66DDA6009065F8 /* RepeaterNode.h */,
				BE0C06561A66DDA6009065F8 /* RepeaterNode.cpp */,
				BE0C06591A66DDA6009065F8 /* RepeatUntilFailNode.h */,
				BE0C06581A66DDA6009065F8 /* RepeatUntilFailNode.cpp */,
				BE6C1D2E1A7815F6008E12C5 /* RepeatUntilSuccessNode.h */,
				BE6C1D2D1A7815F6008E12C5 /* RepeatUntilSuccessNode.cpp */,
				BE0C06AA1A66F09D009065F8 /* InverterNode.h */,
				BE0C06A91A66F09D009065F8 /* InverterNode.cpp */,
				BEBEF78D1A697F390094396A /* SuccessNode.h */,
				BEBEF78C1A697F390094396A /* SuccessNode.cpp */,
				BEBEF7901A697F860094396A /* FailureNode.h */,
				BEBEF78F1A697F860094396A /* FailureNode.cpp */,
			);
			name = Implementation;
			sourceTree = "<group>";
		};
		BE0C06551A66DD67009065F8 /* Implementation */ = {
			isa = PBXGroup;
			children = (
				BE0C065D1A66DDB5009065F8 /* SelectorNode.h */,
				BE0C065C1A66DDB5009065F8 /* SelectorNode.cpp */,
				BE0C065F1A66DDB5009065F8 /* SequenceNode.h */,
				BE0C065E1A66DDB5009065F8 /* SequenceNode.cpp */,
			);
			name = Implementation;
			sourceTree = "<group>";
		};
		BE0C06621A66DDBF009065F8 /* Leafs */ = {
			isa = PBXGroup;
			children = (
				BE0C06641A66DDCD009065F8 /* IsTargetEnemyNode.h */,
				BE0C06631A66DDCD009065F8 /* IsTargetEnemyNode.cpp */,
				BE0C06661A66DDCD009065F8 /* IsTargetPlayerNode.h */,
				BE0C06651A66DDCD009065F8 /* IsTargetPlayerNode.cpp */,
				BEBEF7841A6972130094396A /* ClearTargetNode.h */,
				BEBEF7831A6972130094396A /* ClearTargetNode.cpp */,
				BEBEF7871A6972290094396A /* ClearStackNode.h */,
				BEBEF7861A6972290094396A /* ClearStackNode.cpp */,
				BE0C06681A66DDCD009065F8 /* PopFromStackNode.h */,
				BE0C06671A66DDCD009065F8 /* PopFromStackNode.cpp */,
				BE0C066A1A66DDCD009065F8 /* PushTargetToStackNode.h */,
				BE0C06691A66DDCD009065F8 /* PushTargetToStackNode.cpp */,
				BE0C066C1A66DDCD009065F8 /* CatchBallNode.h */,
				BE0C066B1A66DDCD009065F8 /* CatchBallNode.cpp */,
				BE0C066E1A66DDCD009065F8 /* ChangeViewNode.h */,
				BE0C066D1A66DDCD009065F8 /* ChangeViewNode.cpp */,
				BE0C06701A66DDCD009065F8 /* DashNode.h */,
				BE0C066F1A66DDCD009065F8 /* DashNode.cpp */,
				BE0C06721A66DDCD009065F8 /* EndActNode.h */,
				BE0C06711A66DDCD009065F8 /* EndActNode.cpp */,
				BE0C06B01A679284009065F8 /* ExecuteActNode.h */,
				BE0C06AF1A679284009065F8 /* ExecuteActNode.cpp */,
				BE0C06741A66DDCD009065F8 /* KickBallNode.h */,
				BE0C06731A66DDCD009065F8 /* KickBallNode.cpp */,
				BE0C06761A66DDCD009065F8 /* MoveNode.h */,
				BE0C06751A66DDCD009065F8 /* MoveNode.cpp */,
				BE0C06781A66DDCD009065F8 /* SayNode.h */,
				BE0C06771A66DDCD009065F8 /* SayNode.cpp */,
				BE0C067A1A66DDCD009065F8 /* ScoreNode.h */,
				BE0C06791A66DDCD009065F8 /* ScoreNode.cpp */,
				BE0C067C1A66DDCD009065F8 /* SenseBodyNode.h */,
				BE0C067B1A66DDCD009065F8 /* SenseBodyNode.cpp */,
				BE0C067E1A66DDCD009065F8 /* TurnNeckNode.h */,
				BE0C067D1A66DDCD009065F8 /* TurnNeckNode.cpp */,
				BEBEF77B1A6969650094396A /* TurnNeckToCenterNode.h */,
				BEBEF77A1A6969650094396A /* TurnNeckToCenterNode.cpp */,
				BE0C06801A66DDCD009065F8 /* TurnNode.h */,
				BE0C067F1A66DDCD009065F8 /* TurnNode.cpp */,
				BE0C06A41A66E72E009065F8 /* SetTargetToNode.h */,
				BE0C06A31A66E72E009065F8 /* SetTargetToNode.cpp */,
				BE0C06A71A66EDD7009065F8 /* IsTargetVisibleNode.h */,
				BE0C06A61A66EDD7009065F8 /* IsTargetVisibleNode.cpp */,
				BE4B24491A6D94D200D155C9 /* IsCloseToTargetNode.h */,
				BE4B24481A6D94D200D155C9 /* IsCloseToTargetNode.cpp */,
				BE0C06B61A679B3E009065F8 /* SetTargetToPositiveNeckTurnAngleNode.h */,
				BE0C06B51A679B3E009065F8 /* SetTargetToPositiveNeckTurnAngleNode.cpp */,
				BE0C06B91A679F7D009065F8 /* SetTargetToNegativeNeckTurnAngleNode.h */,
				BE0C06B81A679F7D009065F8 /* SetTargetToNegativeNeckTurnAngleNode.cpp */,
				BEE1F2CE1A6AA36500FBD90C /* WaitBodyStateUpdateNode.h */,
				BEE1F2CD1A6AA36500FBD90C /* WaitBodyStateUpdateNode.cpp */,
				BEE1F2D11A6AA66100FBD90C /* WaitSeeStateUpdateNode.h */,
				BEE1F2D01A6AA66100FBD90C /* WaitSeeStateUpdateNode.cpp */,
				BEE1F2D41A6AA67000FBD90C /* WaitTeamStateUpdateNode.h */,
				BEE1F2D31A6AA67000FBD90C /* WaitTeamStateUpdateNode.cpp */,
				BE4B244C1A6D9F9600D155C9 /* SetTargetToTwiceMaximumHeadAngleNode.h */,
				BE4B244B1A6D9F9600D155C9 /* SetTargetToTwiceMaximumHeadAngleNode.cpp */,
				BE375D381A6FD49B0084AF6D /* IsTurnedOnTargetNode.h */,
				BE375D371A6FD49B0084AF6D /* IsTurnedOnTargetNode.cpp */,
				BE6C1D2B1A78043E008E12C5 /* SetTargetToOpponentGoalNode.h */,
				BE6C1D2A1A78043E008E12C5 /* SetTargetToOpponentGoalNode.cpp */,
			);
			name = Leafs;
			sourceTree = "<group>";
		};
		BE0C06901A66DE01009065F8 /* Brain */ = {
			isa = PBXGroup;
			children = (
				BE0C06921A66DE17009065F8 /* Brain.h */,
				BE0C06911A66DE17009065F8 /* Brain.cpp */,
			);
			name = Brain;
			sourceTree = "<group>";
		};
		BE0C06981A66DEA8009065F8 /* Exception */ = {
			isa = PBXGroup;
			children = (
				BE0C06961A66DEA4009065F8 /* BehaviorException.h */,
				BE0C06951A66DEA4009065F8 /* BehaviorException.cpp */,
			);
			name = Exception;
			sourceTree = "<group>";
		};
		BE0C06991A66E19C009065F8 /* CustomNodes */ = {
			isa = PBXGroup;
			children = (
				BE0C06A11A66E4DC009065F8 /* SearchNode.h */,
				BE0C06A01A66E4DC009065F8 /* SearchNode.cpp */,
				BE0C06AD1A670525009065F8 /* SearchTurnNeckNode.h */,
				BE0C06AC1A670525009065F8 /* SearchTurnNeckNode.cpp */,
				BE4B244F1A6DA09100D155C9 /* TurnTwiceMaximumHeadAngleNode.h */,
				BE4B244E1A6DA09100D155C9 /* TurnTwiceMaximumHeadAngleNode.cpp */,
				BE0C06BC1A67A702009065F8 /* TurnNeckPositiveNode.h */,
				BE0C06BB1A67A702009065F8 /* TurnNeckPositiveNode.cpp */,
				BE0C06BF1A67A7EA009065F8 /* TurnNeckNegativeNode.h */,
				BE0C06BE1A67A7EA009065F8 /* TurnNeckNegativeNode.cpp */,
				BE4B24401A6D848D00D155C9 /* TurnTowardsTypeNode.h */,
				BE4B243F1A6D848D00D155C9 /* TurnTowardsTypeNode.cpp */,
				BE4B24461A6D8DB700D155C9 /* DashTowardsTargetNode.h */,
				BE4B24451A6D8DB700D155C9 /* DashTowardsTargetNode.cpp */,
			);
			name = CustomNodes;
			sourceTree = "<group>";
		};
		BEE1F2C91A6A511000FBD90C /* Nameable */ = {
			isa = PBXGroup;
			children = (
				BEE1F2C71A6A510500FBD90C /* Nameable.h */,
				BEE1F2C61A6A510500FBD90C /* Nameable.cpp */,
			);
			name = Nameable;
			sourceTree = "<group>";
		};
/* End PBXGroup section */

/* Begin PBXNativeTarget section */
		BE0C05B11A66D90F009065F8 /* Robocup */ = {
			isa = PBXNativeTarget;
			buildConfigurationList = BE0C05B91A66D90F009065F8 /* Build configuration list for PBXNativeTarget "Robocup" */;
			buildPhases = (
				BE0C05AE1A66D90F009065F8 /* Sources */,
				BE0C05AF1A66D90F009065F8 /* Frameworks */,
				BE0C05B01A66D90F009065F8 /* CopyFiles */,
			);
			buildRules = (
			);
			dependencies = (
			);
			name = Robocup;
			productName = Robocup;
			productReference = BE0C05B21A66D90F009065F8 /* Robocup */;
			productType = "com.apple.product-type.tool";
		};
/* End PBXNativeTarget section */

/* Begin PBXProject section */
		BE0C05AA1A66D90F009065F8 /* Project object */ = {
			isa = PBXProject;
			attributes = {
				LastUpgradeCheck = 0610;
				ORGANIZATIONNAME = "Maxim Vainshtein";
				TargetAttributes = {
					BE0C05B11A66D90F009065F8 = {
						CreatedOnToolsVersion = 6.1.1;
					};
				};
			};
			buildConfigurationList = BE0C05AD1A66D90F009065F8 /* Build configuration list for PBXProject "Robocup" */;
			compatibilityVersion = "Xcode 3.2";
			developmentRegion = English;
			hasScannedForEncodings = 0;
			knownRegions = (
				en,
			);
			mainGroup = BE0C05A91A66D90F009065F8;
			productRefGroup = BE0C05B31A66D90F009065F8 /* Products */;
			projectDirPath = "";
			projectRoot = "";
			targets = (
				BE0C05B11A66D90F009065F8 /* Robocup */,
			);
		};
/* End PBXProject section */

/* Begin PBXSourcesBuildPhase section */
		BE0C05AE1A66D90F009065F8 /* Sources */ = {
			isa = PBXSourcesBuildPhase;
			buildActionMask = 2147483647;
			files = (
				BE0C06831A66DDCD009065F8 /* PopFromStackNode.cpp in Sources */,
				BE4B24411A6D848D00D155C9 /* TurnTowardsTypeNode.cpp in Sources */,
				BEBEF78E1A697F390094396A /* SuccessNode.cpp in Sources */,
				BE0C06051A66DB7D009065F8 /* Observable.cpp in Sources */,
				BE0C05D41A66DA18009065F8 /* UDPServer.cpp in Sources */,
				BE0C06481A66DD31009065F8 /* BehaviorTarget.cpp in Sources */,
				BE4B24471A6D8DB700D155C9 /* DashTowardsTargetNode.cpp in Sources */,
				BE0C062F1A66DC88009065F8 /* Defender.cpp in Sources */,
				BE0C06261A66DC7E009065F8 /* Player.cpp in Sources */,
				BE0C065B1A66DDA6009065F8 /* RepeatUntilFailNode.cpp in Sources */,
				BE0C06BD1A67A702009065F8 /* TurnNeckPositiveNode.cpp in Sources */,
				BE0C05DC1A66DA20009065F8 /* TCPConnection.cpp in Sources */,
				BE0C06391A66DC99009065F8 /* Vector.cpp in Sources */,
				BE0C068B1A66DDCD009065F8 /* SayNode.cpp in Sources */,
				BE0C06601A66DDB5009065F8 /* SelectorNode.cpp in Sources */,
				BE0C05E41A66DA28009065F8 /* Client.cpp in Sources */,
				BE0C06A51A66E72E009065F8 /* SetTargetToNode.cpp in Sources */,
				BE0C068D1A66DDCD009065F8 /* SenseBodyNode.cpp in Sources */,
				BE4B244A1A6D94D200D155C9 /* IsCloseToTargetNode.cpp in Sources */,
				BE0C05C41A66D9E9009065F8 /* Instruction.cpp in Sources */,
				BE0C06381A66DC99009065F8 /* Coordinate.cpp in Sources */,
				BEBEF7881A6972290094396A /* ClearStackNode.cpp in Sources */,
				BE6C1D2C1A78043E008E12C5 /* SetTargetToOpponentGoalNode.cpp in Sources */,
				BE4B24501A6DA09100D155C9 /* TurnTwiceMaximumHeadAngleNode.cpp in Sources */,
				BE0C05EE1A66DB31009065F8 /* BodyState.cpp in Sources */,
				BE0C06C01A67A7EA009065F8 /* TurnNeckNegativeNode.cpp in Sources */,
				BE0C06811A66DDCD009065F8 /* IsTargetEnemyNode.cpp in Sources */,
				BE0C05F81A66DB3E009065F8 /* ServerState.cpp in Sources */,
				BEE1F2D21A6AA66100FBD90C /* WaitSeeStateUpdateNode.cpp in Sources */,
				BE0C05F41A66DB38009065F8 /* PlayerState.cpp in Sources */,
				BEE1F2CF1A6AA36500FBD90C /* WaitBodyStateUpdateNode.cpp in Sources */,
				BE0C05C81A66D9FF009065F8 /* Communicator.cpp in Sources */,
				BE0C06171A66DC0F009065F8 /* ConditionVariable.cpp in Sources */,
				BE0C06AB1A66F09D009065F8 /* InverterNode.cpp in Sources */,
				BE0C05D31A66DA18009065F8 /* TCPServer.cpp in Sources */,
				BE6C1D2F1A7815F6008E12C5 /* RepeatUntilSuccessNode.cpp in Sources */,
				BE0C06931A66DE17009065F8 /* Brain.cpp in Sources */,
				BE0C06BA1A679F7D009065F8 /* SetTargetToNegativeNeckTurnAngleNode.cpp in Sources */,
				BE0C05E51A66DA28009065F8 /* TCPClient.cpp in Sources */,
				BE0C06A81A66EDD7009065F8 /* IsTargetVisibleNode.cpp in Sources */,
				BE0C06611A66DDB5009065F8 /* SequenceNode.cpp in Sources */,
				BE0C06451A66DD28009065F8 /* BehaviorContext.cpp in Sources */,
				BE0C06A21A66E4DC009065F8 /* SearchNode.cpp in Sources */,
				BE0C05DB1A66DA20009065F8 /* Connection.cpp in Sources */,
				BE0C05D21A66DA18009065F8 /* Server.cpp in Sources */,
				BE4B244D1A6D9F9600D155C9 /* SetTargetToTwiceMaximumHeadAngleNode.cpp in Sources */,
				BEBEF7911A697F860094396A /* FailureNode.cpp in Sources */,
				BE0C06B71A679B3E009065F8 /* SetTargetToPositiveNeckTurnAngleNode.cpp in Sources */,
				BE0C06861A66DDCD009065F8 /* ChangeViewNode.cpp in Sources */,
				BE0C06531A66DD54009065F8 /* CompositionNode.cpp in Sources */,
				BE0C06871A66DDCD009065F8 /* DashNode.cpp in Sources */,
				BE0C06AE1A670525009065F8 /* SearchTurnNeckNode.cpp in Sources */,
				BEE1F2C81A6A510500FBD90C /* Nameable.cpp in Sources */,
				BE0C06891A66DDCD009065F8 /* KickBallNode.cpp in Sources */,
				BE0C06841A66DDCD009065F8 /* PushTargetToStackNode.cpp in Sources */,
				BE0C06971A66DEA4009065F8 /* BehaviorException.cpp in Sources */,
				BE0C06141A66DC09009065F8 /* Mutex.cpp in Sources */,
				BE0C068A1A66DDCD009065F8 /* MoveNode.cpp in Sources */,
				BE0C06301A66DC88009065F8 /* Forward.cpp in Sources */,
				BE0C05F51A66DB38009065F8 /* SeeState.cpp in Sources */,
				BE0C05B61A66D90F009065F8 /* main.cpp in Sources */,
				BE0C061E1A66DC57009065F8 /* Threadable.cpp in Sources */,
				BEE1F2D51A6AA67000FBD90C /* WaitTeamStateUpdateNode.cpp in Sources */,
				BE0C05FE1A66DB4C009065F8 /* State.cpp in Sources */,
				BE0C060E1A66DBDE009065F8 /* Parser.cpp in Sources */,
				BE0C05EF1A66DB31009065F8 /* HearState.cpp in Sources */,
				BE0C06221A66DC64009065F8 /* ThreadQueue.cpp in Sources */,
				BE0C06411A66DD1B009065F8 /* BehaviorTree.cpp in Sources */,
				BE0C061B1A66DC46009065F8 /* ConnectionHandler.cpp in Sources */,
				BE0C06881A66DDCD009065F8 /* EndActNode.cpp in Sources */,
				BE0C06851A66DDCD009065F8 /* CatchBallNode.cpp in Sources */,
				BE0C068E1A66DDCD009065F8 /* TurnNeckNode.cpp in Sources */,
				BE375D391A6FD49B0084AF6D /* IsTurnedOnTargetNode.cpp in Sources */,
				BE0C06821A66DDCD009065F8 /* IsTargetPlayerNode.cpp in Sources */,
				BE0C068C1A66DDCD009065F8 /* ScoreNode.cpp in Sources */,
				BEBEF7851A6972130094396A /* ClearTargetNode.cpp in Sources */,
				BE0C06501A66DD4F009065F8 /* DecoratorNode.cpp in Sources */,
				BE0C05E61A66DA28009065F8 /* UDPClient.cpp in Sources */,
				BE0C05FB1A66DB46009065F8 /* TeamState.cpp in Sources */,
				BE0C064B1A66DD3E009065F8 /* BehaviorTreeNode.cpp in Sources */,
				BEBEF77C1A6969650094396A /* TurnNeckToCenterNode.cpp in Sources */,
				BE0C06B11A679284009065F8 /* ExecuteActNode.cpp in Sources */,
				BE0C06311A66DC88009065F8 /* GoalKeeper.cpp in Sources */,
				BE0C06321A66DC88009065F8 /* MidFielder.cpp in Sources */,
				BE0C05DD1A66DA20009065F8 /* UDPConnection.cpp in Sources */,
				BE0C068F1A66DDCD009065F8 /* TurnNode.cpp in Sources */,
				BE0C065A1A66DDA6009065F8 /* RepeaterNode.cpp in Sources */,
			);
			runOnlyForDeploymentPostprocessing = 0;
		};
/* End PBXSourcesBuildPhase section */

/* Begin XCBuildConfiguration section */
		BE0C05B71A66D90F009065F8 /* Debug */ = {
			isa = XCBuildConfiguration;
			buildSettings = {
				ALWAYS_SEARCH_USER_PATHS = NO;
				CLANG_CXX_LANGUAGE_STANDARD = "gnu++0x";
				CLANG_CXX_LIBRARY = "libc++";
				CLANG_ENABLE_MODULES = YES;
				CLANG_ENABLE_OBJC_ARC = YES;
				CLANG_WARN_BOOL_CONVERSION = YES;
				CLANG_WARN_CONSTANT_CONVERSION = YES;
				CLANG_WARN_DIRECT_OBJC_ISA_USAGE = YES_ERROR;
				CLANG_WARN_EMPTY_BODY = YES;
				CLANG_WARN_ENUM_CONVERSION = YES;
				CLANG_WARN_INT_CONVERSION = YES;
				CLANG_WARN_OBJC_ROOT_CLASS = YES_ERROR;
				CLANG_WARN_UNREACHABLE_CODE = YES;
				CLANG_WARN__DUPLICATE_METHOD_MATCH = YES;
				COPY_PHASE_STRIP = NO;
				ENABLE_STRICT_OBJC_MSGSEND = YES;
				GCC_C_LANGUAGE_STANDARD = gnu99;
				GCC_DYNAMIC_NO_PIC = NO;
				GCC_OPTIMIZATION_LEVEL = 0;
				GCC_PREPROCESSOR_DEFINITIONS = (
					"DEBUG=1",
					"$(inherited)",
				);
				GCC_SYMBOLS_PRIVATE_EXTERN = NO;
				GCC_WARN_64_TO_32_BIT_CONVERSION = YES;
				GCC_WARN_ABOUT_RETURN_TYPE = YES_ERROR;
				GCC_WARN_UNDECLARED_SELECTOR = YES;
				GCC_WARN_UNINITIALIZED_AUTOS = YES_AGGRESSIVE;
				GCC_WARN_UNUSED_FUNCTION = YES;
				GCC_WARN_UNUSED_VARIABLE = YES;
				MACOSX_DEPLOYMENT_TARGET = 10.10;
				MTL_ENABLE_DEBUG_INFO = YES;
				ONLY_ACTIVE_ARCH = YES;
				SDKROOT = macosx;
			};
			name = Debug;
		};
		BE0C05B81A66D90F009065F8 /* Release */ = {
			isa = XCBuildConfiguration;
			buildSettings = {
				ALWAYS_SEARCH_USER_PATHS = NO;
				CLANG_CXX_LANGUAGE_STANDARD = "gnu++0x";
				CLANG_CXX_LIBRARY = "libc++";
				CLANG_ENABLE_MODULES = YES;
				CLANG_ENABLE_OBJC_ARC = YES;
				CLANG_WARN_BOOL_CONVERSION = YES;
				CLANG_WARN_CONSTANT_CONVERSION = YES;
				CLANG_WARN_DIRECT_OBJC_ISA_USAGE = YES_ERROR;
				CLANG_WARN_EMPTY_BODY = YES;
				CLANG_WARN_ENUM_CONVERSION = YES;
				CLANG_WARN_INT_CONVERSION = YES;
				CLANG_WARN_OBJC_ROOT_CLASS = YES_ERROR;
				CLANG_WARN_UNREACHABLE_CODE = YES;
				CLANG_WARN__DUPLICATE_METHOD_MATCH = YES;
				COPY_PHASE_STRIP = YES;
				DEBUG_INFORMATION_FORMAT = "dwarf-with-dsym";
				ENABLE_NS_ASSERTIONS = NO;
				ENABLE_STRICT_OBJC_MSGSEND = YES;
				GCC_C_LANGUAGE_STANDARD = gnu99;
				GCC_WARN_64_TO_32_BIT_CONVERSION = YES;
				GCC_WARN_ABOUT_RETURN_TYPE = YES_ERROR;
				GCC_WARN_UNDECLARED_SELECTOR = YES;
				GCC_WARN_UNINITIALIZED_AUTOS = YES_AGGRESSIVE;
				GCC_WARN_UNUSED_FUNCTION = YES;
				GCC_WARN_UNUSED_VARIABLE = YES;
				MACOSX_DEPLOYMENT_TARGET = 10.10;
				MTL_ENABLE_DEBUG_INFO = NO;
				SDKROOT = macosx;
			};
			name = Release;
		};
		BE0C05BA1A66D90F009065F8 /* Debug */ = {
			isa = XCBuildConfiguration;
			buildSettings = {
				CLANG_CXX_LANGUAGE_STANDARD = "c++98";
				CLANG_CXX_LIBRARY = "libstdc++";
				GCC_C_LANGUAGE_STANDARD = ansi;
				PRODUCT_NAME = "$(TARGET_NAME)";
			};
			name = Debug;
		};
		BE0C05BB1A66D90F009065F8 /* Release */ = {
			isa = XCBuildConfiguration;
			buildSettings = {
				CLANG_CXX_LANGUAGE_STANDARD = "c++98";
				CLANG_CXX_LIBRARY = "libstdc++";
				GCC_C_LANGUAGE_STANDARD = ansi;
				PRODUCT_NAME = "$(TARGET_NAME)";
			};
			name = Release;
		};
/* End XCBuildConfiguration section */

/* Begin XCConfigurationList section */
		BE0C05AD1A66D90F009065F8 /* Build configuration list for PBXProject "Robocup" */ = {
			isa = XCConfigurationList;
			buildConfigurations = (
				BE0C05B71A66D90F009065F8 /* Debug */,
				BE0C05B81A66D90F009065F8 /* Release */,
			);
			defaultConfigurationIsVisible = 0;
			defaultConfigurationName = Release;
		};
		BE0C05B91A66D90F009065F8 /* Build configuration list for PBXNativeTarget "Robocup" */ = {
			isa = XCConfigurationList;
			buildConfigurations = (
				BE0C05BA1A66D90F009065F8 /* Debug */,
				BE0C05BB1A66D90F009065F8 /* Release */,
			);
			defaultConfigurationIsVisible = 0;
			defaultConfigurationName = Release;
		};
/* End XCConfigurationList section */
	};
	rootObject = BE0C05AA1A66D90F009065F8 /* Project object */;
}
